
Microsoft Visual Studio Solution File, Format Version 12.00
# Visual Studio Version 17
VisualStudioVersion = 17.4.33103.184
MinimumVisualStudioVersion = 10.0.40219.1
Project("{8BC9CEB8-8B4A-11D0-8D11-00A0C91BC942}") = "Drill 4", "Drill 4\Drill 4.vcxproj", "{EB301391-FC72-4CBC-A7D3-7B3EB1189684}"
EndProject
Project("{8BC9CEB8-8B4A-11D0-8D11-00A0C91BC942}") = "Drill 5", "Drill 5\Drill 5.vcxproj", "{9EC31BA3-0D60-46FD-8A9F-8CFB185547B6}"
EndProject
Project("{8BC9CEB8-8B4A-11D0-8D11-00A0C91BC942}") = "Drill 6", "Drill 6\Drill 6.vcxproj", "{1DFF4555-8D47-4666-9762-C87558FF46D4}"
EndProject
Project("{8BC9CEB8-8B4A-11D0-8D11-00A0C91BC942}") = "Drill 7", "Drill 7\Drill 7.vcxproj", "{77284DA0-E254-4218-A878-79EEB9D2535F}"
EndProject
Project("{8BC9CEB8-8B4A-11D0-8D11-00A0C91BC942}") = "Drill 8", "Drill 8\Drill 8.vcxproj", "{7F9FA381-208A-47EF-A8AE-A4AE435E2BE3}"
EndProject
Project("{8BC9CEB8-8B4A-11D0-8D11-00A0C91BC942}") = "Esercizio 01", "Esercizio 01\Esercizio 01.vcxproj", "{3FCEDC2A-68D8-44C6-A66F-97AF38BDF7D9}"
EndProject
Project("{8BC9CEB8-8B4A-11D0-8D11-00A0C91BC942}") = "Esercizio 02", "Esercizio 02\Esercizio 02.vcxproj", "{E525F096-3B62-457F-98F7-EF08DAE00F61}"
EndProject
Project("{8BC9CEB8-8B4A-11D0-8D11-00A0C91BC942}") = "Esercizio 04", "Esercizio 04\Esercizio 04.vcxproj", "{175ABE1F-F7F0-4BC2-B033-8A849026DF85}"
EndProject
Project("{8BC9CEB8-8B4A-11D0-8D11-00A0C91BC942}") = "Esercizio 05", "Esercizio 05\Esercizio 05.vcxproj", "{84623D29-943B-4619-9575-21176F0E9A0C}"
EndProject
Project("{8BC9CEB8-8B4A-11D0-8D11-00A0C91BC942}") = "Esercizio 06", "Esercizio 06\Esercizio 06.vcxproj", "{EEBDB460-72E7-4F31-8BAF-1BD8265B549D}"
EndProject
Project("{8BC9CEB8-8B4A-11D0-8D11-00A0C91BC942}") = "Esercizio 07", "Esercizio 07\Esercizio 07.vcxproj", "{E5E33A9B-005D-41FA-90EF-398B99975602}"
EndProject
Project("{8BC9CEB8-8B4A-11D0-8D11-00A0C91BC942}") = "Esercizio 08", "Esercizio 08\Esercizio 08.vcxproj", "{8AB3497E-0241-4961-AFF0-631C4890EE3D}"
EndProject
Global
	GlobalSection(SolutionConfigurationPlatforms) = preSolution
		Debug|x64 = Debug|x64
		Debug|x86 = Debug|x86
		Release|x64 = Release|x64
		Release|x86 = Release|x86
	EndGlobalSection
	GlobalSection(ProjectConfigurationPlatforms) = postSolution
		{EB301391-FC72-4CBC-A7D3-7B3EB1189684}.Debug|x64.ActiveCfg = Debug|x64
		{EB301391-FC72-4CBC-A7D3-7B3EB1189684}.Debug|x64.Build.0 = Debug|x64
		{EB301391-FC72-4CBC-A7D3-7B3EB1189684}.Debug|x86.ActiveCfg = Debug|Win32
		{EB301391-FC72-4CBC-A7D3-7B3EB1189684}.Debug|x86.Build.0 = Debug|Win32
		{EB301391-FC72-4CBC-A7D3-7B3EB1189684}.Release|x64.ActiveCfg = Release|x64
		{EB301391-FC72-4CBC-A7D3-7B3EB1189684}.Release|x64.Build.0 = Release|x64
		{EB301391-FC72-4CBC-A7D3-7B3EB1189684}.Release|x86.ActiveCfg = Release|Win32
		{EB301391-FC72-4CBC-A7D3-7B3EB1189684}.Release|x86.Build.0 = Release|Win32
		{9EC31BA3-0D60-46FD-8A9F-8CFB185547B6}.Debug|x64.ActiveCfg = Debug|x64
		{9EC31BA3-0D60-46FD-8A9F-8CFB185547B6}.Debug|x64.Build.0 = Debug|x64
		{9EC31BA3-0D60-46FD-8A9F-8CFB185547B6}.Debug|x86.ActiveCfg = Debug|Win32
		{9EC31BA3-0D60-46FD-8A9F-8CFB185547B6}.Debug|x86.Build.0 = Debug|Win32
		{9EC31BA3-0D60-46FD-8A9F-8CFB185547B6}.Release|x64.ActiveCfg = Release|x64
		{9EC31BA3-0D60-46FD-8A9F-8CFB185547B6}.Release|x64.Build.0 = Release|x64
		{9EC31BA3-0D60-46FD-8A9F-8CFB185547B6}.Release|x86.ActiveCfg = Release|Win32
		{9EC31BA3-0D60-46FD-8A9F-8CFB185547B6}.Release|x86.Build.0 = Release|Win32
		{1DFF4555-8D47-4666-9762-C87558FF46D4}.Debug|x64.ActiveCfg = Debug|x64
		{1DFF4555-8D47-4666-9762-C87558FF46D4}.Debug|x64.Build.0 = Debug|x64
		{1DFF4555-8D47-4666-9762-C87558FF46D4}.Debug|x86.ActiveCfg = Debug|Win32
		{1DFF4555-8D47-4666-9762-C87558FF46D4}.Debug|x86.Build.0 = Debug|Win32
		{1DFF4555-8D47-4666-9762-C87558FF46D4}.Release|x64.ActiveCfg = Release|x64
		{1DFF4555-8D47-4666-9762-C87558FF46D4}.Release|x64.Build.0 = Release|x64
		{1DFF4555-8D47-4666-9762-C87558FF46D4}.Release|x86.ActiveCfg = Release|Win32
		{1DFF4555-8D47-4666-9762-C87558FF46D4}.Release|x86.Build.0 = Release|Win32
		{77284DA0-E254-4218-A878-79EEB9D2535F}.Debug|x64.ActiveCfg = Debug|x64
		{77284DA0-E254-4218-A878-79EEB9D2535F}.Debug|x64.Build.0 = Debug|x64
		{77284DA0-E254-4218-A878-79EEB9D2535F}.Debug|x86.ActiveCfg = Debug|Win32
		{77284DA0-E254-4218-A878-79EEB9D2535F}.Debug|x86.Build.0 = Debug|Win32
		{77284DA0-E254-4218-A878-79EEB9D2535F}.Release|x64.ActiveCfg = Release|x64
		{77284DA0-E254-4218-A878-79EEB9D2535F}.Release|x64.Build.0 = Release|x64
		{77284DA0-E254-4218-A878-79EEB9D2535F}.Release|x86.ActiveCfg = Release|Win32
		{77284DA0-E254-4218-A878-79EEB9D2535F}.Release|x86.Build.0 = Release|Win32
		{7F9FA381-208A-47EF-A8AE-A4AE435E2BE3}.Debug|x64.ActiveCfg = Debug|x64
		{7F9FA381-208A-47EF-A8AE-A4AE435E2BE3}.Debug|x64.Build.0 = Debug|x64
		{7F9FA381-208A-47EF-A8AE-A4AE435E2BE3}.Debug|x86.ActiveCfg = Debug|Win32
		{7F9FA381-208A-47EF-A8AE-A4AE435E2BE3}.Debug|x86.Build.0 = Debug|Win32
		{7F9FA381-208A-47EF-A8AE-A4AE435E2BE3}.Release|x64.ActiveCfg = Release|x64
		{7F9FA381-208A-47EF-A8AE-A4AE435E2BE3}.Release|x64.Build.0 = Release|x64
		{7F9FA381-208A-47EF-A8AE-A4AE435E2BE3}.Release|x86.ActiveCfg = Release|Win32
		{7F9FA381-208A-47EF-A8AE-A4AE435E2BE3}.Release|x86.Build.0 = Release|Win32
		{3FCEDC2A-68D8-44C6-A66F-97AF38BDF7D9}.Debug|x64.ActiveCfg = Debug|x64
		{3FCEDC2A-68D8-44C6-A66F-97AF38BDF7D9}.Debug|x64.Build.0 = Debug|x64
		{3FCEDC2A-68D8-44C6-A66F-97AF38BDF7D9}.Debug|x86.ActiveCfg = Debug|Win32
		{3FCEDC2A-68D8-44C6-A66F-97AF38BDF7D9}.Debug|x86.Build.0 = Debug|Win32
		{3FCEDC2A-68D8-44C6-A66F-97AF38BDF7D9}.Release|x64.ActiveCfg = Release|x64
		{3FCEDC2A-68D8-44C6-A66F-97AF38BDF7D9}.Release|x64.Build.0 = Release|x64
		{3FCEDC2A-68D8-44C6-A66F-97AF38BDF7D9}.Release|x86.ActiveCfg = Release|Win32
		{3FCEDC2A-68D8-44C6-A66F-97AF38BDF7D9}.Release|x86.Build.0 = Release|Win32
		{E525F096-3B62-457F-98F7-EF08DAE00F61}.Debug|x64.ActiveCfg = Debug|x64
		{E525F096-3B62-457F-98F7-EF08DAE00F61}.Debug|x64.Build.0 = Debug|x64
		{E525F096-3B62-457F-98F7-EF08DAE00F61}.Debug|x86.ActiveCfg = Debug|Win32
		{E525F096-3B62-457F-98F7-EF08DAE00F61}.Debug|x86.Build.0 = Debug|Win32
		{E525F096-3B62-457F-98F7-EF08DAE00F61}.Release|x64.ActiveCfg = Release|x64
		{E525F096-3B62-457F-98F7-EF08DAE00F61}.Release|x64.Build.0 = Release|x64
		{E525F096-3B62-457F-98F7-EF08DAE00F61}.Release|x86.ActiveCfg = Release|Win32
		{E525F096-3B62-457F-98F7-EF08DAE00F61}.Release|x86.Build.0 = Release|Win32
		{175ABE1F-F7F0-4BC2-B033-8A849026DF85}.Debug|x64.ActiveCfg = Debug|x64
		{175ABE1F-F7F0-4BC2-B033-8A849026DF85}.Debug|x64.Build.0 = Debug|x64
		{175ABE1F-F7F0-4BC2-B033-8A849026DF85}.Debug|x86.ActiveCfg = Debug|Win32
		{175ABE1F-F7F0-4BC2-B033-8A849026DF85}.Debug|x86.Build.0 = Debug|Win32
		{175ABE1F-F7F0-4BC2-B033-8A849026DF85}.Release|x64.ActiveCfg = Release|x64
		{175ABE1F-F7F0-4BC2-B033-8A849026DF85}.Release|x64.Build.0 = Release|x64
		{175ABE1F-F7F0-4BC2-B033-8A849026DF85}.Release|x86.ActiveCfg = Release|Win32
		{175ABE1F-F7F0-4BC2-B033-8A849026DF85}.Release|x86.Build.0 = Release|Win32
		{84623D29-943B-4619-9575-21176F0E9A0C}.Debug|x64.ActiveCfg = Debug|x64
		{84623D29-943B-4619-9575-21176F0E9A0C}.Debug|x64.Build.0 = Debug|x64
		{84623D29-943B-4619-9575-21176F0E9A0C}.Debug|x86.ActiveCfg = Debug|Win32
		{84623D29-943B-4619-9575-21176F0E9A0C}.Debug|x86.Build.0 = Debug|Win32
		{84623D29-943B-4619-9575-21176F0E9A0C}.Release|x64.ActiveCfg = Release|x64
		{84623D29-943B-4619-9575-21176F0E9A0C}.Release|x64.Build.0 = Release|x64
		{84623D29-943B-4619-9575-21176F0E9A0C}.Release|x86.ActiveCfg = Release|Win32
		{84623D29-943B-4619-9575-21176F0E9A0C}.Release|x86.Build.0 = Release|Win32
		{EEBDB460-72E7-4F31-8BAF-1BD8265B549D}.Debug|x64.ActiveCfg = Debug|x64
		{EEBDB460-72E7-4F31-8BAF-1BD8265B549D}.Debug|x64.Build.0 = Debug|x64
		{EEBDB460-72E7-4F31-8BAF-1BD8265B549D}.Debug|x86.ActiveCfg = Debug|Win32
		{EEBDB460-72E7-4F31-8BAF-1BD8265B549D}.Debug|x86.Build.0 = Debug|Win32
		{EEBDB460-72E7-4F31-8BAF-1BD8265B549D}.Release|x64.ActiveCfg = Release|x64
		{EEBDB460-72E7-4F31-8BAF-1BD8265B549D}.Release|x64.Build.0 = Release|x64
		{EEBDB460-72E7-4F31-8BAF-1BD8265B549D}.Release|x86.ActiveCfg = Release|Win32
		{EEBDB460-72E7-4F31-8BAF-1BD8265B549D}.Release|x86.Build.0 = Release|Win32
		{E5E33A9B-005D-41FA-90EF-398B99975602}.Debug|x64.ActiveCfg = Debug|x64
		{E5E33A9B-005D-41FA-90EF-398B99975602}.Debug|x64.Build.0 = Debug|x64
		{E5E33A9B-005D-41FA-90EF-398B99975602}.Debug|x86.ActiveCfg = Debug|Win32
		{E5E33A9B-005D-41FA-90EF-398B99975602}.Debug|x86.Build.0 = Debug|Win32
		{E5E33A9B-005D-41FA-90EF-398B99975602}.Release|x64.ActiveCfg = Release|x64
		{E5E33A9B-005D-41FA-90EF-398B99975602}.Release|x64.Build.0 = Release|x64
		{E5E33A9B-005D-41FA-90EF-398B99975602}.Release|x86.ActiveCfg = Release|Win32
		{E5E33A9B-005D-41FA-90EF-398B99975602}.Release|x86.Build.0 = Release|Win32
		{8AB3497E-0241-4961-AFF0-631C4890EE3D}.Debug|x64.ActiveCfg = Debug|x64
		{8AB3497E-0241-4961-AFF0-631C4890EE3D}.Debug|x64.Build.0 = Debug|x64
		{8AB3497E-0241-4961-AFF0-631C4890EE3D}.Debug|x86.ActiveCfg = Debug|Win32
		{8AB3497E-0241-4961-AFF0-631C4890EE3D}.Debug|x86.Build.0 = Debug|Win32
		{8AB3497E-0241-4961-AFF0-631C4890EE3D}.Release|x64.ActiveCfg = Release|x64
		{8AB3497E-0241-4961-AFF0-631C4890EE3D}.Release|x64.Build.0 = Release|x64
		{8AB3497E-0241-4961-AFF0-631C4890EE3D}.Release|x86.ActiveCfg = Release|Win32
		{8AB3497E-0241-4961-AFF0-631C4890EE3D}.Release|x86.Build.0 = Release|Win32
	EndGlobalSection
	GlobalSection(SolutionProperties) = preSolution
		HideSolutionNode = FALSE
	EndGlobalSection
	GlobalSection(ExtensibilityGlobals) = postSolution
		SolutionGuid = {EFA3298A-7906-45B1-9FCE-4025F8C39198}
	EndGlobalSection
EndGlobal
