
Microsoft Visual Studio Solution File, Format Version 12.00
# Visual Studio Version 17
VisualStudioVersion = 17.4.33205.214
MinimumVisualStudioVersion = 10.0.40219.1
Project("{8BC9CEB8-8B4A-11D0-8D11-00A0C91BC942}") = "Drill", "Drill\Drill.vcxproj", "{F4344F4E-2FDF-4357-836E-9954793AEF44}"
EndProject
Project("{8BC9CEB8-8B4A-11D0-8D11-00A0C91BC942}") = "Esercizio 01", "Esercizio 01\Esercizio 01.vcxproj", "{9D737921-D4EE-4F16-AAF6-1E6EF90637BE}"
EndProject
Project("{8BC9CEB8-8B4A-11D0-8D11-00A0C91BC942}") = "Esercizio 02", "Esercizio 02\Esercizio 02.vcxproj", "{87E69F47-3575-49AC-B9BC-EAD943F92424}"
EndProject
Project("{8BC9CEB8-8B4A-11D0-8D11-00A0C91BC942}") = "Esercizio 03", "Esercizio 03\Esercizio 03.vcxproj", "{C1CC2649-3BA6-4E48-B4BF-2553518C5B6B}"
EndProject
Project("{8BC9CEB8-8B4A-11D0-8D11-00A0C91BC942}") = "Esercizio 04", "Esercizio 04\Esercizio 04.vcxproj", "{6891CBFC-E41F-45E1-9ACB-422884710BAB}"
EndProject
Project("{8BC9CEB8-8B4A-11D0-8D11-00A0C91BC942}") = "Esercizio 05", "Esercizio 05\Esercizio 05.vcxproj", "{3CE0DF99-BCAC-4244-9BAF-32FAFA659AEA}"
EndProject
Project("{8BC9CEB8-8B4A-11D0-8D11-00A0C91BC942}") = "Esercizio 06", "Esercizio 06\Esercizio 06.vcxproj", "{45D53A74-8779-4E7A-9B11-E0FC84F23CE5}"
EndProject
Project("{8BC9CEB8-8B4A-11D0-8D11-00A0C91BC942}") = "Esercizio 07", "Esercizio 07\Esercizio 07.vcxproj", "{6BE2C5C1-05DA-49F8-BA2C-BB5A007466E4}"
EndProject
Project("{8BC9CEB8-8B4A-11D0-8D11-00A0C91BC942}") = "Esercizio 08", "Esercizio 08\Esercizio 08.vcxproj", "{B8AF64F6-8595-45D3-B7CA-CD1B8595AF84}"
EndProject
Project("{8BC9CEB8-8B4A-11D0-8D11-00A0C91BC942}") = "Esercizio 09", "Esercizio 09\Esercizio 09.vcxproj", "{EA7719B8-307C-4414-A780-DD44FEC0A2F0}"
EndProject
Project("{8BC9CEB8-8B4A-11D0-8D11-00A0C91BC942}") = "Esercizio 10", "Esercizio 10\Esercizio 10.vcxproj", "{7E68F5F3-B4A6-4D1F-A7FD-1F3C91DBD86C}"
EndProject
Project("{8BC9CEB8-8B4A-11D0-8D11-00A0C91BC942}") = "Esercizio 11", "Esercizio 11\Esercizio 11.vcxproj", "{4A572602-1499-433C-B0E0-106B0EDFD779}"
EndProject
Project("{8BC9CEB8-8B4A-11D0-8D11-00A0C91BC942}") = "Esercizio 12", "Esercizio 12\Esercizio 12.vcxproj", "{78855C21-92E8-408F-9999-C157D562ECF6}"
EndProject
Project("{8BC9CEB8-8B4A-11D0-8D11-00A0C91BC942}") = "Esercizio 13", "Esercizio 13\Esercizio 13.vcxproj", "{1E0B4BA0-BA39-4A8E-897B-55A2FAEBD8CD}"
EndProject
Project("{8BC9CEB8-8B4A-11D0-8D11-00A0C91BC942}") = "Esercizio 14", "Esercizio 14\Esercizio 14.vcxproj", "{BBAB7FA9-02DF-4E62-A421-B724203B4302}"
EndProject
Global
	GlobalSection(SolutionConfigurationPlatforms) = preSolution
		Debug|x64 = Debug|x64
		Debug|x86 = Debug|x86
		Release|x64 = Release|x64
		Release|x86 = Release|x86
	EndGlobalSection
	GlobalSection(ProjectConfigurationPlatforms) = postSolution
		{F4344F4E-2FDF-4357-836E-9954793AEF44}.Debug|x64.ActiveCfg = Debug|x64
		{F4344F4E-2FDF-4357-836E-9954793AEF44}.Debug|x64.Build.0 = Debug|x64
		{F4344F4E-2FDF-4357-836E-9954793AEF44}.Debug|x86.ActiveCfg = Debug|Win32
		{F4344F4E-2FDF-4357-836E-9954793AEF44}.Debug|x86.Build.0 = Debug|Win32
		{F4344F4E-2FDF-4357-836E-9954793AEF44}.Release|x64.ActiveCfg = Release|x64
		{F4344F4E-2FDF-4357-836E-9954793AEF44}.Release|x64.Build.0 = Release|x64
		{F4344F4E-2FDF-4357-836E-9954793AEF44}.Release|x86.ActiveCfg = Release|Win32
		{F4344F4E-2FDF-4357-836E-9954793AEF44}.Release|x86.Build.0 = Release|Win32
		{9D737921-D4EE-4F16-AAF6-1E6EF90637BE}.Debug|x64.ActiveCfg = Debug|x64
		{9D737921-D4EE-4F16-AAF6-1E6EF90637BE}.Debug|x64.Build.0 = Debug|x64
		{9D737921-D4EE-4F16-AAF6-1E6EF90637BE}.Debug|x86.ActiveCfg = Debug|Win32
		{9D737921-D4EE-4F16-AAF6-1E6EF90637BE}.Debug|x86.Build.0 = Debug|Win32
		{9D737921-D4EE-4F16-AAF6-1E6EF90637BE}.Release|x64.ActiveCfg = Release|x64
		{9D737921-D4EE-4F16-AAF6-1E6EF90637BE}.Release|x64.Build.0 = Release|x64
		{9D737921-D4EE-4F16-AAF6-1E6EF90637BE}.Release|x86.ActiveCfg = Release|Win32
		{9D737921-D4EE-4F16-AAF6-1E6EF90637BE}.Release|x86.Build.0 = Release|Win32
		{87E69F47-3575-49AC-B9BC-EAD943F92424}.Debug|x64.ActiveCfg = Debug|x64
		{87E69F47-3575-49AC-B9BC-EAD943F92424}.Debug|x64.Build.0 = Debug|x64
		{87E69F47-3575-49AC-B9BC-EAD943F92424}.Debug|x86.ActiveCfg = Debug|Win32
		{87E69F47-3575-49AC-B9BC-EAD943F92424}.Debug|x86.Build.0 = Debug|Win32
		{87E69F47-3575-49AC-B9BC-EAD943F92424}.Release|x64.ActiveCfg = Release|x64
		{87E69F47-3575-49AC-B9BC-EAD943F92424}.Release|x64.Build.0 = Release|x64
		{87E69F47-3575-49AC-B9BC-EAD943F92424}.Release|x86.ActiveCfg = Release|Win32
		{87E69F47-3575-49AC-B9BC-EAD943F92424}.Release|x86.Build.0 = Release|Win32
		{C1CC2649-3BA6-4E48-B4BF-2553518C5B6B}.Debug|x64.ActiveCfg = Debug|x64
		{C1CC2649-3BA6-4E48-B4BF-2553518C5B6B}.Debug|x64.Build.0 = Debug|x64
		{C1CC2649-3BA6-4E48-B4BF-2553518C5B6B}.Debug|x86.ActiveCfg = Debug|Win32
		{C1CC2649-3BA6-4E48-B4BF-2553518C5B6B}.Debug|x86.Build.0 = Debug|Win32
		{C1CC2649-3BA6-4E48-B4BF-2553518C5B6B}.Release|x64.ActiveCfg = Release|x64
		{C1CC2649-3BA6-4E48-B4BF-2553518C5B6B}.Release|x64.Build.0 = Release|x64
		{C1CC2649-3BA6-4E48-B4BF-2553518C5B6B}.Release|x86.ActiveCfg = Release|Win32
		{C1CC2649-3BA6-4E48-B4BF-2553518C5B6B}.Release|x86.Build.0 = Release|Win32
		{6891CBFC-E41F-45E1-9ACB-422884710BAB}.Debug|x64.ActiveCfg = Debug|x64
		{6891CBFC-E41F-45E1-9ACB-422884710BAB}.Debug|x64.Build.0 = Debug|x64
		{6891CBFC-E41F-45E1-9ACB-422884710BAB}.Debug|x86.ActiveCfg = Debug|Win32
		{6891CBFC-E41F-45E1-9ACB-422884710BAB}.Debug|x86.Build.0 = Debug|Win32
		{6891CBFC-E41F-45E1-9ACB-422884710BAB}.Release|x64.ActiveCfg = Release|x64
		{6891CBFC-E41F-45E1-9ACB-422884710BAB}.Release|x64.Build.0 = Release|x64
		{6891CBFC-E41F-45E1-9ACB-422884710BAB}.Release|x86.ActiveCfg = Release|Win32
		{6891CBFC-E41F-45E1-9ACB-422884710BAB}.Release|x86.Build.0 = Release|Win32
		{3CE0DF99-BCAC-4244-9BAF-32FAFA659AEA}.Debug|x64.ActiveCfg = Debug|x64
		{3CE0DF99-BCAC-4244-9BAF-32FAFA659AEA}.Debug|x64.Build.0 = Debug|x64
		{3CE0DF99-BCAC-4244-9BAF-32FAFA659AEA}.Debug|x86.ActiveCfg = Debug|Win32
		{3CE0DF99-BCAC-4244-9BAF-32FAFA659AEA}.Debug|x86.Build.0 = Debug|Win32
		{3CE0DF99-BCAC-4244-9BAF-32FAFA659AEA}.Release|x64.ActiveCfg = Release|x64
		{3CE0DF99-BCAC-4244-9BAF-32FAFA659AEA}.Release|x64.Build.0 = Release|x64
		{3CE0DF99-BCAC-4244-9BAF-32FAFA659AEA}.Release|x86.ActiveCfg = Release|Win32
		{3CE0DF99-BCAC-4244-9BAF-32FAFA659AEA}.Release|x86.Build.0 = Release|Win32
		{45D53A74-8779-4E7A-9B11-E0FC84F23CE5}.Debug|x64.ActiveCfg = Debug|x64
		{45D53A74-8779-4E7A-9B11-E0FC84F23CE5}.Debug|x64.Build.0 = Debug|x64
		{45D53A74-8779-4E7A-9B11-E0FC84F23CE5}.Debug|x86.ActiveCfg = Debug|Win32
		{45D53A74-8779-4E7A-9B11-E0FC84F23CE5}.Debug|x86.Build.0 = Debug|Win32
		{45D53A74-8779-4E7A-9B11-E0FC84F23CE5}.Release|x64.ActiveCfg = Release|x64
		{45D53A74-8779-4E7A-9B11-E0FC84F23CE5}.Release|x64.Build.0 = Release|x64
		{45D53A74-8779-4E7A-9B11-E0FC84F23CE5}.Release|x86.ActiveCfg = Release|Win32
		{45D53A74-8779-4E7A-9B11-E0FC84F23CE5}.Release|x86.Build.0 = Release|Win32
		{6BE2C5C1-05DA-49F8-BA2C-BB5A007466E4}.Debug|x64.ActiveCfg = Debug|x64
		{6BE2C5C1-05DA-49F8-BA2C-BB5A007466E4}.Debug|x64.Build.0 = Debug|x64
		{6BE2C5C1-05DA-49F8-BA2C-BB5A007466E4}.Debug|x86.ActiveCfg = Debug|Win32
		{6BE2C5C1-05DA-49F8-BA2C-BB5A007466E4}.Debug|x86.Build.0 = Debug|Win32
		{6BE2C5C1-05DA-49F8-BA2C-BB5A007466E4}.Release|x64.ActiveCfg = Release|x64
		{6BE2C5C1-05DA-49F8-BA2C-BB5A007466E4}.Release|x64.Build.0 = Release|x64
		{6BE2C5C1-05DA-49F8-BA2C-BB5A007466E4}.Release|x86.ActiveCfg = Release|Win32
		{6BE2C5C1-05DA-49F8-BA2C-BB5A007466E4}.Release|x86.Build.0 = Release|Win32
		{B8AF64F6-8595-45D3-B7CA-CD1B8595AF84}.Debug|x64.ActiveCfg = Debug|x64
		{B8AF64F6-8595-45D3-B7CA-CD1B8595AF84}.Debug|x64.Build.0 = Debug|x64
		{B8AF64F6-8595-45D3-B7CA-CD1B8595AF84}.Debug|x86.ActiveCfg = Debug|Win32
		{B8AF64F6-8595-45D3-B7CA-CD1B8595AF84}.Debug|x86.Build.0 = Debug|Win32
		{B8AF64F6-8595-45D3-B7CA-CD1B8595AF84}.Release|x64.ActiveCfg = Release|x64
		{B8AF64F6-8595-45D3-B7CA-CD1B8595AF84}.Release|x64.Build.0 = Release|x64
		{B8AF64F6-8595-45D3-B7CA-CD1B8595AF84}.Release|x86.ActiveCfg = Release|Win32
		{B8AF64F6-8595-45D3-B7CA-CD1B8595AF84}.Release|x86.Build.0 = Release|Win32
		{EA7719B8-307C-4414-A780-DD44FEC0A2F0}.Debug|x64.ActiveCfg = Debug|x64
		{EA7719B8-307C-4414-A780-DD44FEC0A2F0}.Debug|x64.Build.0 = Debug|x64
		{EA7719B8-307C-4414-A780-DD44FEC0A2F0}.Debug|x86.ActiveCfg = Debug|Win32
		{EA7719B8-307C-4414-A780-DD44FEC0A2F0}.Debug|x86.Build.0 = Debug|Win32
		{EA7719B8-307C-4414-A780-DD44FEC0A2F0}.Release|x64.ActiveCfg = Release|x64
		{EA7719B8-307C-4414-A780-DD44FEC0A2F0}.Release|x64.Build.0 = Release|x64
		{EA7719B8-307C-4414-A780-DD44FEC0A2F0}.Release|x86.ActiveCfg = Release|Win32
		{EA7719B8-307C-4414-A780-DD44FEC0A2F0}.Release|x86.Build.0 = Release|Win32
		{7E68F5F3-B4A6-4D1F-A7FD-1F3C91DBD86C}.Debug|x64.ActiveCfg = Debug|x64
		{7E68F5F3-B4A6-4D1F-A7FD-1F3C91DBD86C}.Debug|x64.Build.0 = Debug|x64
		{7E68F5F3-B4A6-4D1F-A7FD-1F3C91DBD86C}.Debug|x86.ActiveCfg = Debug|Win32
		{7E68F5F3-B4A6-4D1F-A7FD-1F3C91DBD86C}.Debug|x86.Build.0 = Debug|Win32
		{7E68F5F3-B4A6-4D1F-A7FD-1F3C91DBD86C}.Release|x64.ActiveCfg = Release|x64
		{7E68F5F3-B4A6-4D1F-A7FD-1F3C91DBD86C}.Release|x64.Build.0 = Release|x64
		{7E68F5F3-B4A6-4D1F-A7FD-1F3C91DBD86C}.Release|x86.ActiveCfg = Release|Win32
		{7E68F5F3-B4A6-4D1F-A7FD-1F3C91DBD86C}.Release|x86.Build.0 = Release|Win32
		{4A572602-1499-433C-B0E0-106B0EDFD779}.Debug|x64.ActiveCfg = Debug|x64
		{4A572602-1499-433C-B0E0-106B0EDFD779}.Debug|x64.Build.0 = Debug|x64
		{4A572602-1499-433C-B0E0-106B0EDFD779}.Debug|x86.ActiveCfg = Debug|Win32
		{4A572602-1499-433C-B0E0-106B0EDFD779}.Debug|x86.Build.0 = Debug|Win32
		{4A572602-1499-433C-B0E0-106B0EDFD779}.Release|x64.ActiveCfg = Release|x64
		{4A572602-1499-433C-B0E0-106B0EDFD779}.Release|x64.Build.0 = Release|x64
		{4A572602-1499-433C-B0E0-106B0EDFD779}.Release|x86.ActiveCfg = Release|Win32
		{4A572602-1499-433C-B0E0-106B0EDFD779}.Release|x86.Build.0 = Release|Win32
		{78855C21-92E8-408F-9999-C157D562ECF6}.Debug|x64.ActiveCfg = Debug|x64
		{78855C21-92E8-408F-9999-C157D562ECF6}.Debug|x64.Build.0 = Debug|x64
		{78855C21-92E8-408F-9999-C157D562ECF6}.Debug|x86.ActiveCfg = Debug|Win32
		{78855C21-92E8-408F-9999-C157D562ECF6}.Debug|x86.Build.0 = Debug|Win32
		{78855C21-92E8-408F-9999-C157D562ECF6}.Release|x64.ActiveCfg = Release|x64
		{78855C21-92E8-408F-9999-C157D562ECF6}.Release|x64.Build.0 = Release|x64
		{78855C21-92E8-408F-9999-C157D562ECF6}.Release|x86.ActiveCfg = Release|Win32
		{78855C21-92E8-408F-9999-C157D562ECF6}.Release|x86.Build.0 = Release|Win32
		{1E0B4BA0-BA39-4A8E-897B-55A2FAEBD8CD}.Debug|x64.ActiveCfg = Debug|x64
		{1E0B4BA0-BA39-4A8E-897B-55A2FAEBD8CD}.Debug|x64.Build.0 = Debug|x64
		{1E0B4BA0-BA39-4A8E-897B-55A2FAEBD8CD}.Debug|x86.ActiveCfg = Debug|Win32
		{1E0B4BA0-BA39-4A8E-897B-55A2FAEBD8CD}.Debug|x86.Build.0 = Debug|Win32
		{1E0B4BA0-BA39-4A8E-897B-55A2FAEBD8CD}.Release|x64.ActiveCfg = Release|x64
		{1E0B4BA0-BA39-4A8E-897B-55A2FAEBD8CD}.Release|x64.Build.0 = Release|x64
		{1E0B4BA0-BA39-4A8E-897B-55A2FAEBD8CD}.Release|x86.ActiveCfg = Release|Win32
		{1E0B4BA0-BA39-4A8E-897B-55A2FAEBD8CD}.Release|x86.Build.0 = Release|Win32
		{BBAB7FA9-02DF-4E62-A421-B724203B4302}.Debug|x64.ActiveCfg = Debug|x64
		{BBAB7FA9-02DF-4E62-A421-B724203B4302}.Debug|x64.Build.0 = Debug|x64
		{BBAB7FA9-02DF-4E62-A421-B724203B4302}.Debug|x86.ActiveCfg = Debug|Win32
		{BBAB7FA9-02DF-4E62-A421-B724203B4302}.Debug|x86.Build.0 = Debug|Win32
		{BBAB7FA9-02DF-4E62-A421-B724203B4302}.Release|x64.ActiveCfg = Release|x64
		{BBAB7FA9-02DF-4E62-A421-B724203B4302}.Release|x64.Build.0 = Release|x64
		{BBAB7FA9-02DF-4E62-A421-B724203B4302}.Release|x86.ActiveCfg = Release|Win32
		{BBAB7FA9-02DF-4E62-A421-B724203B4302}.Release|x86.Build.0 = Release|Win32
	EndGlobalSection
	GlobalSection(SolutionProperties) = preSolution
		HideSolutionNode = FALSE
	EndGlobalSection
	GlobalSection(ExtensibilityGlobals) = postSolution
		SolutionGuid = {E945C3E2-6E2D-4C4C-9634-8DCC6DA06F42}
	EndGlobalSection
EndGlobal
