
Microsoft Visual Studio Solution File, Format Version 12.00
# Visual Studio Version 17
VisualStudioVersion = 17.2.32602.215
MinimumVisualStudioVersion = 10.0.40219.1
Project("{8BC9CEB8-8B4A-11D0-8D11-00A0C91BC942}") = "Esercizio 10", "Esercizio 10\Esercizio 10.vcxproj", "{C564A960-952A-42AE-BC82-E3E6FAC5F2FD}"
EndProject
Project("{8BC9CEB8-8B4A-11D0-8D11-00A0C91BC942}") = "Esercizio 13", "Esercizio 13\Esercizio 13.vcxproj", "{ECE8933F-4B24-43C1-AF6F-A775C9E36003}"
EndProject
Global
	GlobalSection(SolutionConfigurationPlatforms) = preSolution
		Debug|x64 = Debug|x64
		Debug|x86 = Debug|x86
		Release|x64 = Release|x64
		Release|x86 = Release|x86
	EndGlobalSection
	GlobalSection(ProjectConfigurationPlatforms) = postSolution
		{C564A960-952A-42AE-BC82-E3E6FAC5F2FD}.Debug|x64.ActiveCfg = Debug|x64
		{C564A960-952A-42AE-BC82-E3E6FAC5F2FD}.Debug|x64.Build.0 = Debug|x64
		{C564A960-952A-42AE-BC82-E3E6FAC5F2FD}.Debug|x86.ActiveCfg = Debug|Win32
		{C564A960-952A-42AE-BC82-E3E6FAC5F2FD}.Debug|x86.Build.0 = Debug|Win32
		{C564A960-952A-42AE-BC82-E3E6FAC5F2FD}.Release|x64.ActiveCfg = Release|x64
		{C564A960-952A-42AE-BC82-E3E6FAC5F2FD}.Release|x64.Build.0 = Release|x64
		{C564A960-952A-42AE-BC82-E3E6FAC5F2FD}.Release|x86.ActiveCfg = Release|Win32
		{C564A960-952A-42AE-BC82-E3E6FAC5F2FD}.Release|x86.Build.0 = Release|Win32
		{ECE8933F-4B24-43C1-AF6F-A775C9E36003}.Debug|x64.ActiveCfg = Debug|x64
		{ECE8933F-4B24-43C1-AF6F-A775C9E36003}.Debug|x64.Build.0 = Debug|x64
		{ECE8933F-4B24-43C1-AF6F-A775C9E36003}.Debug|x86.ActiveCfg = Debug|Win32
		{ECE8933F-4B24-43C1-AF6F-A775C9E36003}.Debug|x86.Build.0 = Debug|Win32
		{ECE8933F-4B24-43C1-AF6F-A775C9E36003}.Release|x64.ActiveCfg = Release|x64
		{ECE8933F-4B24-43C1-AF6F-A775C9E36003}.Release|x64.Build.0 = Release|x64
		{ECE8933F-4B24-43C1-AF6F-A775C9E36003}.Release|x86.ActiveCfg = Release|Win32
		{ECE8933F-4B24-43C1-AF6F-A775C9E36003}.Release|x86.Build.0 = Release|Win32
	EndGlobalSection
	GlobalSection(SolutionProperties) = preSolution
		HideSolutionNode = FALSE
	EndGlobalSection
	GlobalSection(ExtensibilityGlobals) = postSolution
		SolutionGuid = {029C9826-9C48-4FDD-ACB0-1853CC33EEF4}
	EndGlobalSection
EndGlobal
