
Microsoft Visual Studio Solution File, Format Version 12.00
# Visual Studio Version 17
VisualStudioVersion = 17.8.34601.278
MinimumVisualStudioVersion = 10.0.40219.1
Project("{8BC9CEB8-8B4A-11D0-8D11-00A0C91BC942}") = "Paragrafo 26.1", "Paragrafo 26.1\Paragrafo 26.1.vcxproj", "{91A282B7-0454-4B9D-8D2D-B96B9770FEC0}"
EndProject
Project("{8BC9CEB8-8B4A-11D0-8D11-00A0C91BC942}") = "Drill 1", "Drill 1\Drill 1.vcxproj", "{B79622AC-2C73-4A0A-B252-A550B5EE999D}"
EndProject
Project("{8BC9CEB8-8B4A-11D0-8D11-00A0C91BC942}") = "Drill 3", "Drill 3\Drill 3.vcxproj", "{DFFD7399-72ED-4E01-9E48-BB8A945A5206}"
EndProject
Project("{8BC9CEB8-8B4A-11D0-8D11-00A0C91BC942}") = "Drill 4", "Drill 4\Drill 4.vcxproj", "{FB7FB7A3-36F9-45A1-A705-B1BCF99401EE}"
EndProject
Project("{8BC9CEB8-8B4A-11D0-8D11-00A0C91BC942}") = "Esercizio 01", "Esercizio 01\Esercizio 01.vcxproj", "{1338A24C-DA41-4B92-B0D5-A7224AA0B88B}"
EndProject
Project("{8BC9CEB8-8B4A-11D0-8D11-00A0C91BC942}") = "Esercizio 02", "Esercizio 02\Esercizio 02.vcxproj", "{5CB23DD1-8A15-4067-A141-F25572D073D5}"
EndProject
Project("{8BC9CEB8-8B4A-11D0-8D11-00A0C91BC942}") = "Esercizio 03", "Esercizio 03\Esercizio 03.vcxproj", "{A995DF3C-DC32-458F-B13A-FE71CC5B37B5}"
EndProject
Project("{8BC9CEB8-8B4A-11D0-8D11-00A0C91BC942}") = "Esercizio 04", "Esercizio 04\Esercizio 04.vcxproj", "{716840DA-26C8-41AC-BD77-B563136C89FF}"
EndProject
Project("{8BC9CEB8-8B4A-11D0-8D11-00A0C91BC942}") = "Esercizio 05", "Esercizio 05\Esercizio 05.vcxproj", "{D87226E1-1AB4-4589-8DDA-D3D6F93B84D7}"
EndProject
Project("{8BC9CEB8-8B4A-11D0-8D11-00A0C91BC942}") = "Esercizio 06", "Esercizio 06\Esercizio 06.vcxproj", "{DB990E9D-FEBA-47E1-A483-96548AD6F049}"
EndProject
Project("{8BC9CEB8-8B4A-11D0-8D11-00A0C91BC942}") = "Esercizio 07", "Esercizio 07\Esercizio 07.vcxproj", "{A608BA51-1CB6-49A4-8998-C2127F45EF25}"
EndProject
Project("{8BC9CEB8-8B4A-11D0-8D11-00A0C91BC942}") = "Esercizio 08", "Esercizio 08\Esercizio 08.vcxproj", "{7B5A8BCB-5DF1-4874-9595-4874FB35C88B}"
EndProject
Project("{8BC9CEB8-8B4A-11D0-8D11-00A0C91BC942}") = "Esercizio 09", "Esercizio 09\Esercizio 09.vcxproj", "{699ADE44-0CE2-4BCC-A144-4118588AAC69}"
EndProject
Project("{8BC9CEB8-8B4A-11D0-8D11-00A0C91BC942}") = "Esercizio 10", "Esercizio 10\Esercizio 10.vcxproj", "{C8D7A252-1751-427F-B211-C4300AA193A3}"
EndProject
Project("{8BC9CEB8-8B4A-11D0-8D11-00A0C91BC942}") = "Esercizio 11", "Esercizio 11\Esercizio 11.vcxproj", "{D4969A75-53DD-4A37-98EB-C557AF2D3C5F}"
EndProject
Project("{8BC9CEB8-8B4A-11D0-8D11-00A0C91BC942}") = "Esercizio 12", "Esercizio 12\Esercizio 12.vcxproj", "{5C409446-3B2C-42A9-B9F0-B1D4BC3939AC}"
EndProject
Project("{8BC9CEB8-8B4A-11D0-8D11-00A0C91BC942}") = "Esercizio 13", "Esercizio 13\Esercizio 13.vcxproj", "{047CBAC8-5F00-46C2-BA3D-825CCF282C2C}"
EndProject
Project("{8BC9CEB8-8B4A-11D0-8D11-00A0C91BC942}") = "Esercizio 14", "Esercizio 14\Esercizio 14.vcxproj", "{20CF66E1-82F8-4FE8-BA7A-B55565A854DD}"
EndProject
Global
	GlobalSection(SolutionConfigurationPlatforms) = preSolution
		Debug|ARM64 = Debug|ARM64
		Debug|x64 = Debug|x64
		Debug|x86 = Debug|x86
		Release|ARM64 = Release|ARM64
		Release|x64 = Release|x64
		Release|x86 = Release|x86
	EndGlobalSection
	GlobalSection(ProjectConfigurationPlatforms) = postSolution
		{91A282B7-0454-4B9D-8D2D-B96B9770FEC0}.Debug|ARM64.ActiveCfg = Debug|ARM64
		{91A282B7-0454-4B9D-8D2D-B96B9770FEC0}.Debug|ARM64.Build.0 = Debug|ARM64
		{91A282B7-0454-4B9D-8D2D-B96B9770FEC0}.Debug|x64.ActiveCfg = Debug|x64
		{91A282B7-0454-4B9D-8D2D-B96B9770FEC0}.Debug|x64.Build.0 = Debug|x64
		{91A282B7-0454-4B9D-8D2D-B96B9770FEC0}.Debug|x86.ActiveCfg = Debug|Win32
		{91A282B7-0454-4B9D-8D2D-B96B9770FEC0}.Debug|x86.Build.0 = Debug|Win32
		{91A282B7-0454-4B9D-8D2D-B96B9770FEC0}.Release|ARM64.ActiveCfg = Release|ARM64
		{91A282B7-0454-4B9D-8D2D-B96B9770FEC0}.Release|ARM64.Build.0 = Release|ARM64
		{91A282B7-0454-4B9D-8D2D-B96B9770FEC0}.Release|x64.ActiveCfg = Release|x64
		{91A282B7-0454-4B9D-8D2D-B96B9770FEC0}.Release|x64.Build.0 = Release|x64
		{91A282B7-0454-4B9D-8D2D-B96B9770FEC0}.Release|x86.ActiveCfg = Release|Win32
		{91A282B7-0454-4B9D-8D2D-B96B9770FEC0}.Release|x86.Build.0 = Release|Win32
		{B79622AC-2C73-4A0A-B252-A550B5EE999D}.Debug|ARM64.ActiveCfg = Debug|ARM64
		{B79622AC-2C73-4A0A-B252-A550B5EE999D}.Debug|ARM64.Build.0 = Debug|ARM64
		{B79622AC-2C73-4A0A-B252-A550B5EE999D}.Debug|x64.ActiveCfg = Debug|x64
		{B79622AC-2C73-4A0A-B252-A550B5EE999D}.Debug|x64.Build.0 = Debug|x64
		{B79622AC-2C73-4A0A-B252-A550B5EE999D}.Debug|x86.ActiveCfg = Debug|Win32
		{B79622AC-2C73-4A0A-B252-A550B5EE999D}.Debug|x86.Build.0 = Debug|Win32
		{B79622AC-2C73-4A0A-B252-A550B5EE999D}.Release|ARM64.ActiveCfg = Release|ARM64
		{B79622AC-2C73-4A0A-B252-A550B5EE999D}.Release|ARM64.Build.0 = Release|ARM64
		{B79622AC-2C73-4A0A-B252-A550B5EE999D}.Release|x64.ActiveCfg = Release|x64
		{B79622AC-2C73-4A0A-B252-A550B5EE999D}.Release|x64.Build.0 = Release|x64
		{B79622AC-2C73-4A0A-B252-A550B5EE999D}.Release|x86.ActiveCfg = Release|Win32
		{B79622AC-2C73-4A0A-B252-A550B5EE999D}.Release|x86.Build.0 = Release|Win32
		{DFFD7399-72ED-4E01-9E48-BB8A945A5206}.Debug|ARM64.ActiveCfg = Debug|ARM64
		{DFFD7399-72ED-4E01-9E48-BB8A945A5206}.Debug|ARM64.Build.0 = Debug|ARM64
		{DFFD7399-72ED-4E01-9E48-BB8A945A5206}.Debug|x64.ActiveCfg = Debug|x64
		{DFFD7399-72ED-4E01-9E48-BB8A945A5206}.Debug|x64.Build.0 = Debug|x64
		{DFFD7399-72ED-4E01-9E48-BB8A945A5206}.Debug|x86.ActiveCfg = Debug|Win32
		{DFFD7399-72ED-4E01-9E48-BB8A945A5206}.Debug|x86.Build.0 = Debug|Win32
		{DFFD7399-72ED-4E01-9E48-BB8A945A5206}.Release|ARM64.ActiveCfg = Release|ARM64
		{DFFD7399-72ED-4E01-9E48-BB8A945A5206}.Release|ARM64.Build.0 = Release|ARM64
		{DFFD7399-72ED-4E01-9E48-BB8A945A5206}.Release|x64.ActiveCfg = Release|x64
		{DFFD7399-72ED-4E01-9E48-BB8A945A5206}.Release|x64.Build.0 = Release|x64
		{DFFD7399-72ED-4E01-9E48-BB8A945A5206}.Release|x86.ActiveCfg = Release|Win32
		{DFFD7399-72ED-4E01-9E48-BB8A945A5206}.Release|x86.Build.0 = Release|Win32
		{FB7FB7A3-36F9-45A1-A705-B1BCF99401EE}.Debug|ARM64.ActiveCfg = Debug|ARM64
		{FB7FB7A3-36F9-45A1-A705-B1BCF99401EE}.Debug|ARM64.Build.0 = Debug|ARM64
		{FB7FB7A3-36F9-45A1-A705-B1BCF99401EE}.Debug|x64.ActiveCfg = Debug|x64
		{FB7FB7A3-36F9-45A1-A705-B1BCF99401EE}.Debug|x64.Build.0 = Debug|x64
		{FB7FB7A3-36F9-45A1-A705-B1BCF99401EE}.Debug|x86.ActiveCfg = Debug|Win32
		{FB7FB7A3-36F9-45A1-A705-B1BCF99401EE}.Debug|x86.Build.0 = Debug|Win32
		{FB7FB7A3-36F9-45A1-A705-B1BCF99401EE}.Release|ARM64.ActiveCfg = Release|ARM64
		{FB7FB7A3-36F9-45A1-A705-B1BCF99401EE}.Release|ARM64.Build.0 = Release|ARM64
		{FB7FB7A3-36F9-45A1-A705-B1BCF99401EE}.Release|x64.ActiveCfg = Release|x64
		{FB7FB7A3-36F9-45A1-A705-B1BCF99401EE}.Release|x64.Build.0 = Release|x64
		{FB7FB7A3-36F9-45A1-A705-B1BCF99401EE}.Release|x86.ActiveCfg = Release|Win32
		{FB7FB7A3-36F9-45A1-A705-B1BCF99401EE}.Release|x86.Build.0 = Release|Win32
		{1338A24C-DA41-4B92-B0D5-A7224AA0B88B}.Debug|ARM64.ActiveCfg = Debug|ARM64
		{1338A24C-DA41-4B92-B0D5-A7224AA0B88B}.Debug|ARM64.Build.0 = Debug|ARM64
		{1338A24C-DA41-4B92-B0D5-A7224AA0B88B}.Debug|x64.ActiveCfg = Debug|x64
		{1338A24C-DA41-4B92-B0D5-A7224AA0B88B}.Debug|x64.Build.0 = Debug|x64
		{1338A24C-DA41-4B92-B0D5-A7224AA0B88B}.Debug|x86.ActiveCfg = Debug|Win32
		{1338A24C-DA41-4B92-B0D5-A7224AA0B88B}.Debug|x86.Build.0 = Debug|Win32
		{1338A24C-DA41-4B92-B0D5-A7224AA0B88B}.Release|ARM64.ActiveCfg = Release|ARM64
		{1338A24C-DA41-4B92-B0D5-A7224AA0B88B}.Release|ARM64.Build.0 = Release|ARM64
		{1338A24C-DA41-4B92-B0D5-A7224AA0B88B}.Release|x64.ActiveCfg = Release|x64
		{1338A24C-DA41-4B92-B0D5-A7224AA0B88B}.Release|x64.Build.0 = Release|x64
		{1338A24C-DA41-4B92-B0D5-A7224AA0B88B}.Release|x86.ActiveCfg = Release|Win32
		{1338A24C-DA41-4B92-B0D5-A7224AA0B88B}.Release|x86.Build.0 = Release|Win32
		{5CB23DD1-8A15-4067-A141-F25572D073D5}.Debug|ARM64.ActiveCfg = Debug|ARM64
		{5CB23DD1-8A15-4067-A141-F25572D073D5}.Debug|ARM64.Build.0 = Debug|ARM64
		{5CB23DD1-8A15-4067-A141-F25572D073D5}.Debug|x64.ActiveCfg = Debug|x64
		{5CB23DD1-8A15-4067-A141-F25572D073D5}.Debug|x64.Build.0 = Debug|x64
		{5CB23DD1-8A15-4067-A141-F25572D073D5}.Debug|x86.ActiveCfg = Debug|Win32
		{5CB23DD1-8A15-4067-A141-F25572D073D5}.Debug|x86.Build.0 = Debug|Win32
		{5CB23DD1-8A15-4067-A141-F25572D073D5}.Release|ARM64.ActiveCfg = Release|ARM64
		{5CB23DD1-8A15-4067-A141-F25572D073D5}.Release|ARM64.Build.0 = Release|ARM64
		{5CB23DD1-8A15-4067-A141-F25572D073D5}.Release|x64.ActiveCfg = Release|x64
		{5CB23DD1-8A15-4067-A141-F25572D073D5}.Release|x64.Build.0 = Release|x64
		{5CB23DD1-8A15-4067-A141-F25572D073D5}.Release|x86.ActiveCfg = Release|Win32
		{5CB23DD1-8A15-4067-A141-F25572D073D5}.Release|x86.Build.0 = Release|Win32
		{A995DF3C-DC32-458F-B13A-FE71CC5B37B5}.Debug|ARM64.ActiveCfg = Debug|ARM64
		{A995DF3C-DC32-458F-B13A-FE71CC5B37B5}.Debug|ARM64.Build.0 = Debug|ARM64
		{A995DF3C-DC32-458F-B13A-FE71CC5B37B5}.Debug|x64.ActiveCfg = Debug|x64
		{A995DF3C-DC32-458F-B13A-FE71CC5B37B5}.Debug|x64.Build.0 = Debug|x64
		{A995DF3C-DC32-458F-B13A-FE71CC5B37B5}.Debug|x86.ActiveCfg = Debug|Win32
		{A995DF3C-DC32-458F-B13A-FE71CC5B37B5}.Debug|x86.Build.0 = Debug|Win32
		{A995DF3C-DC32-458F-B13A-FE71CC5B37B5}.Release|ARM64.ActiveCfg = Release|ARM64
		{A995DF3C-DC32-458F-B13A-FE71CC5B37B5}.Release|ARM64.Build.0 = Release|ARM64
		{A995DF3C-DC32-458F-B13A-FE71CC5B37B5}.Release|x64.ActiveCfg = Release|x64
		{A995DF3C-DC32-458F-B13A-FE71CC5B37B5}.Release|x64.Build.0 = Release|x64
		{A995DF3C-DC32-458F-B13A-FE71CC5B37B5}.Release|x86.ActiveCfg = Release|Win32
		{A995DF3C-DC32-458F-B13A-FE71CC5B37B5}.Release|x86.Build.0 = Release|Win32
		{716840DA-26C8-41AC-BD77-B563136C89FF}.Debug|ARM64.ActiveCfg = Debug|ARM64
		{716840DA-26C8-41AC-BD77-B563136C89FF}.Debug|ARM64.Build.0 = Debug|ARM64
		{716840DA-26C8-41AC-BD77-B563136C89FF}.Debug|x64.ActiveCfg = Debug|x64
		{716840DA-26C8-41AC-BD77-B563136C89FF}.Debug|x64.Build.0 = Debug|x64
		{716840DA-26C8-41AC-BD77-B563136C89FF}.Debug|x86.ActiveCfg = Debug|Win32
		{716840DA-26C8-41AC-BD77-B563136C89FF}.Debug|x86.Build.0 = Debug|Win32
		{716840DA-26C8-41AC-BD77-B563136C89FF}.Release|ARM64.ActiveCfg = Release|ARM64
		{716840DA-26C8-41AC-BD77-B563136C89FF}.Release|ARM64.Build.0 = Release|ARM64
		{716840DA-26C8-41AC-BD77-B563136C89FF}.Release|x64.ActiveCfg = Release|x64
		{716840DA-26C8-41AC-BD77-B563136C89FF}.Release|x64.Build.0 = Release|x64
		{716840DA-26C8-41AC-BD77-B563136C89FF}.Release|x86.ActiveCfg = Release|Win32
		{716840DA-26C8-41AC-BD77-B563136C89FF}.Release|x86.Build.0 = Release|Win32
		{D87226E1-1AB4-4589-8DDA-D3D6F93B84D7}.Debug|ARM64.ActiveCfg = Debug|ARM64
		{D87226E1-1AB4-4589-8DDA-D3D6F93B84D7}.Debug|ARM64.Build.0 = Debug|ARM64
		{D87226E1-1AB4-4589-8DDA-D3D6F93B84D7}.Debug|x64.ActiveCfg = Debug|x64
		{D87226E1-1AB4-4589-8DDA-D3D6F93B84D7}.Debug|x64.Build.0 = Debug|x64
		{D87226E1-1AB4-4589-8DDA-D3D6F93B84D7}.Debug|x86.ActiveCfg = Debug|Win32
		{D87226E1-1AB4-4589-8DDA-D3D6F93B84D7}.Debug|x86.Build.0 = Debug|Win32
		{D87226E1-1AB4-4589-8DDA-D3D6F93B84D7}.Release|ARM64.ActiveCfg = Release|ARM64
		{D87226E1-1AB4-4589-8DDA-D3D6F93B84D7}.Release|ARM64.Build.0 = Release|ARM64
		{D87226E1-1AB4-4589-8DDA-D3D6F93B84D7}.Release|x64.ActiveCfg = Release|x64
		{D87226E1-1AB4-4589-8DDA-D3D6F93B84D7}.Release|x64.Build.0 = Release|x64
		{D87226E1-1AB4-4589-8DDA-D3D6F93B84D7}.Release|x86.ActiveCfg = Release|Win32
		{D87226E1-1AB4-4589-8DDA-D3D6F93B84D7}.Release|x86.Build.0 = Release|Win32
		{DB990E9D-FEBA-47E1-A483-96548AD6F049}.Debug|ARM64.ActiveCfg = Debug|ARM64
		{DB990E9D-FEBA-47E1-A483-96548AD6F049}.Debug|ARM64.Build.0 = Debug|ARM64
		{DB990E9D-FEBA-47E1-A483-96548AD6F049}.Debug|x64.ActiveCfg = Debug|x64
		{DB990E9D-FEBA-47E1-A483-96548AD6F049}.Debug|x64.Build.0 = Debug|x64
		{DB990E9D-FEBA-47E1-A483-96548AD6F049}.Debug|x86.ActiveCfg = Debug|Win32
		{DB990E9D-FEBA-47E1-A483-96548AD6F049}.Debug|x86.Build.0 = Debug|Win32
		{DB990E9D-FEBA-47E1-A483-96548AD6F049}.Release|ARM64.ActiveCfg = Release|ARM64
		{DB990E9D-FEBA-47E1-A483-96548AD6F049}.Release|ARM64.Build.0 = Release|ARM64
		{DB990E9D-FEBA-47E1-A483-96548AD6F049}.Release|x64.ActiveCfg = Release|x64
		{DB990E9D-FEBA-47E1-A483-96548AD6F049}.Release|x64.Build.0 = Release|x64
		{DB990E9D-FEBA-47E1-A483-96548AD6F049}.Release|x86.ActiveCfg = Release|Win32
		{DB990E9D-FEBA-47E1-A483-96548AD6F049}.Release|x86.Build.0 = Release|Win32
		{A608BA51-1CB6-49A4-8998-C2127F45EF25}.Debug|ARM64.ActiveCfg = Debug|ARM64
		{A608BA51-1CB6-49A4-8998-C2127F45EF25}.Debug|ARM64.Build.0 = Debug|ARM64
		{A608BA51-1CB6-49A4-8998-C2127F45EF25}.Debug|x64.ActiveCfg = Debug|x64
		{A608BA51-1CB6-49A4-8998-C2127F45EF25}.Debug|x64.Build.0 = Debug|x64
		{A608BA51-1CB6-49A4-8998-C2127F45EF25}.Debug|x86.ActiveCfg = Debug|Win32
		{A608BA51-1CB6-49A4-8998-C2127F45EF25}.Debug|x86.Build.0 = Debug|Win32
		{A608BA51-1CB6-49A4-8998-C2127F45EF25}.Release|ARM64.ActiveCfg = Release|ARM64
		{A608BA51-1CB6-49A4-8998-C2127F45EF25}.Release|ARM64.Build.0 = Release|ARM64
		{A608BA51-1CB6-49A4-8998-C2127F45EF25}.Release|x64.ActiveCfg = Release|x64
		{A608BA51-1CB6-49A4-8998-C2127F45EF25}.Release|x64.Build.0 = Release|x64
		{A608BA51-1CB6-49A4-8998-C2127F45EF25}.Release|x86.ActiveCfg = Release|Win32
		{A608BA51-1CB6-49A4-8998-C2127F45EF25}.Release|x86.Build.0 = Release|Win32
		{7B5A8BCB-5DF1-4874-9595-4874FB35C88B}.Debug|ARM64.ActiveCfg = Debug|ARM64
		{7B5A8BCB-5DF1-4874-9595-4874FB35C88B}.Debug|ARM64.Build.0 = Debug|ARM64
		{7B5A8BCB-5DF1-4874-9595-4874FB35C88B}.Debug|x64.ActiveCfg = Debug|x64
		{7B5A8BCB-5DF1-4874-9595-4874FB35C88B}.Debug|x64.Build.0 = Debug|x64
		{7B5A8BCB-5DF1-4874-9595-4874FB35C88B}.Debug|x86.ActiveCfg = Debug|Win32
		{7B5A8BCB-5DF1-4874-9595-4874FB35C88B}.Debug|x86.Build.0 = Debug|Win32
		{7B5A8BCB-5DF1-4874-9595-4874FB35C88B}.Release|ARM64.ActiveCfg = Release|ARM64
		{7B5A8BCB-5DF1-4874-9595-4874FB35C88B}.Release|ARM64.Build.0 = Release|ARM64
		{7B5A8BCB-5DF1-4874-9595-4874FB35C88B}.Release|x64.ActiveCfg = Release|x64
		{7B5A8BCB-5DF1-4874-9595-4874FB35C88B}.Release|x64.Build.0 = Release|x64
		{7B5A8BCB-5DF1-4874-9595-4874FB35C88B}.Release|x86.ActiveCfg = Release|Win32
		{7B5A8BCB-5DF1-4874-9595-4874FB35C88B}.Release|x86.Build.0 = Release|Win32
		{699ADE44-0CE2-4BCC-A144-4118588AAC69}.Debug|ARM64.ActiveCfg = Debug|ARM64
		{699ADE44-0CE2-4BCC-A144-4118588AAC69}.Debug|ARM64.Build.0 = Debug|ARM64
		{699ADE44-0CE2-4BCC-A144-4118588AAC69}.Debug|x64.ActiveCfg = Debug|x64
		{699ADE44-0CE2-4BCC-A144-4118588AAC69}.Debug|x64.Build.0 = Debug|x64
		{699ADE44-0CE2-4BCC-A144-4118588AAC69}.Debug|x86.ActiveCfg = Debug|Win32
		{699ADE44-0CE2-4BCC-A144-4118588AAC69}.Debug|x86.Build.0 = Debug|Win32
		{699ADE44-0CE2-4BCC-A144-4118588AAC69}.Release|ARM64.ActiveCfg = Release|ARM64
		{699ADE44-0CE2-4BCC-A144-4118588AAC69}.Release|ARM64.Build.0 = Release|ARM64
		{699ADE44-0CE2-4BCC-A144-4118588AAC69}.Release|x64.ActiveCfg = Release|x64
		{699ADE44-0CE2-4BCC-A144-4118588AAC69}.Release|x64.Build.0 = Release|x64
		{699ADE44-0CE2-4BCC-A144-4118588AAC69}.Release|x86.ActiveCfg = Release|Win32
		{699ADE44-0CE2-4BCC-A144-4118588AAC69}.Release|x86.Build.0 = Release|Win32
		{C8D7A252-1751-427F-B211-C4300AA193A3}.Debug|ARM64.ActiveCfg = Debug|ARM64
		{C8D7A252-1751-427F-B211-C4300AA193A3}.Debug|ARM64.Build.0 = Debug|ARM64
		{C8D7A252-1751-427F-B211-C4300AA193A3}.Debug|x64.ActiveCfg = Debug|x64
		{C8D7A252-1751-427F-B211-C4300AA193A3}.Debug|x64.Build.0 = Debug|x64
		{C8D7A252-1751-427F-B211-C4300AA193A3}.Debug|x86.ActiveCfg = Debug|Win32
		{C8D7A252-1751-427F-B211-C4300AA193A3}.Debug|x86.Build.0 = Debug|Win32
		{C8D7A252-1751-427F-B211-C4300AA193A3}.Release|ARM64.ActiveCfg = Release|ARM64
		{C8D7A252-1751-427F-B211-C4300AA193A3}.Release|ARM64.Build.0 = Release|ARM64
		{C8D7A252-1751-427F-B211-C4300AA193A3}.Release|x64.ActiveCfg = Release|x64
		{C8D7A252-1751-427F-B211-C4300AA193A3}.Release|x64.Build.0 = Release|x64
		{C8D7A252-1751-427F-B211-C4300AA193A3}.Release|x86.ActiveCfg = Release|Win32
		{C8D7A252-1751-427F-B211-C4300AA193A3}.Release|x86.Build.0 = Release|Win32
		{D4969A75-53DD-4A37-98EB-C557AF2D3C5F}.Debug|ARM64.ActiveCfg = Debug|ARM64
		{D4969A75-53DD-4A37-98EB-C557AF2D3C5F}.Debug|ARM64.Build.0 = Debug|ARM64
		{D4969A75-53DD-4A37-98EB-C557AF2D3C5F}.Debug|x64.ActiveCfg = Debug|x64
		{D4969A75-53DD-4A37-98EB-C557AF2D3C5F}.Debug|x64.Build.0 = Debug|x64
		{D4969A75-53DD-4A37-98EB-C557AF2D3C5F}.Debug|x86.ActiveCfg = Debug|Win32
		{D4969A75-53DD-4A37-98EB-C557AF2D3C5F}.Debug|x86.Build.0 = Debug|Win32
		{D4969A75-53DD-4A37-98EB-C557AF2D3C5F}.Release|ARM64.ActiveCfg = Release|ARM64
		{D4969A75-53DD-4A37-98EB-C557AF2D3C5F}.Release|ARM64.Build.0 = Release|ARM64
		{D4969A75-53DD-4A37-98EB-C557AF2D3C5F}.Release|x64.ActiveCfg = Release|x64
		{D4969A75-53DD-4A37-98EB-C557AF2D3C5F}.Release|x64.Build.0 = Release|x64
		{D4969A75-53DD-4A37-98EB-C557AF2D3C5F}.Release|x86.ActiveCfg = Release|Win32
		{D4969A75-53DD-4A37-98EB-C557AF2D3C5F}.Release|x86.Build.0 = Release|Win32
		{5C409446-3B2C-42A9-B9F0-B1D4BC3939AC}.Debug|ARM64.ActiveCfg = Debug|ARM64
		{5C409446-3B2C-42A9-B9F0-B1D4BC3939AC}.Debug|ARM64.Build.0 = Debug|ARM64
		{5C409446-3B2C-42A9-B9F0-B1D4BC3939AC}.Debug|x64.ActiveCfg = Debug|x64
		{5C409446-3B2C-42A9-B9F0-B1D4BC3939AC}.Debug|x64.Build.0 = Debug|x64
		{5C409446-3B2C-42A9-B9F0-B1D4BC3939AC}.Debug|x86.ActiveCfg = Debug|Win32
		{5C409446-3B2C-42A9-B9F0-B1D4BC3939AC}.Debug|x86.Build.0 = Debug|Win32
		{5C409446-3B2C-42A9-B9F0-B1D4BC3939AC}.Release|ARM64.ActiveCfg = Release|ARM64
		{5C409446-3B2C-42A9-B9F0-B1D4BC3939AC}.Release|ARM64.Build.0 = Release|ARM64
		{5C409446-3B2C-42A9-B9F0-B1D4BC3939AC}.Release|x64.ActiveCfg = Release|x64
		{5C409446-3B2C-42A9-B9F0-B1D4BC3939AC}.Release|x64.Build.0 = Release|x64
		{5C409446-3B2C-42A9-B9F0-B1D4BC3939AC}.Release|x86.ActiveCfg = Release|Win32
		{5C409446-3B2C-42A9-B9F0-B1D4BC3939AC}.Release|x86.Build.0 = Release|Win32
		{047CBAC8-5F00-46C2-BA3D-825CCF282C2C}.Debug|ARM64.ActiveCfg = Debug|ARM64
		{047CBAC8-5F00-46C2-BA3D-825CCF282C2C}.Debug|ARM64.Build.0 = Debug|ARM64
		{047CBAC8-5F00-46C2-BA3D-825CCF282C2C}.Debug|x64.ActiveCfg = Debug|x64
		{047CBAC8-5F00-46C2-BA3D-825CCF282C2C}.Debug|x64.Build.0 = Debug|x64
		{047CBAC8-5F00-46C2-BA3D-825CCF282C2C}.Debug|x86.ActiveCfg = Debug|Win32
		{047CBAC8-5F00-46C2-BA3D-825CCF282C2C}.Debug|x86.Build.0 = Debug|Win32
		{047CBAC8-5F00-46C2-BA3D-825CCF282C2C}.Release|ARM64.ActiveCfg = Release|ARM64
		{047CBAC8-5F00-46C2-BA3D-825CCF282C2C}.Release|ARM64.Build.0 = Release|ARM64
		{047CBAC8-5F00-46C2-BA3D-825CCF282C2C}.Release|x64.ActiveCfg = Release|x64
		{047CBAC8-5F00-46C2-BA3D-825CCF282C2C}.Release|x64.Build.0 = Release|x64
		{047CBAC8-5F00-46C2-BA3D-825CCF282C2C}.Release|x86.ActiveCfg = Release|Win32
		{047CBAC8-5F00-46C2-BA3D-825CCF282C2C}.Release|x86.Build.0 = Release|Win32
		{20CF66E1-82F8-4FE8-BA7A-B55565A854DD}.Debug|ARM64.ActiveCfg = Debug|ARM64
		{20CF66E1-82F8-4FE8-BA7A-B55565A854DD}.Debug|ARM64.Build.0 = Debug|ARM64
		{20CF66E1-82F8-4FE8-BA7A-B55565A854DD}.Debug|x64.ActiveCfg = Debug|x64
		{20CF66E1-82F8-4FE8-BA7A-B55565A854DD}.Debug|x64.Build.0 = Debug|x64
		{20CF66E1-82F8-4FE8-BA7A-B55565A854DD}.Debug|x86.ActiveCfg = Debug|Win32
		{20CF66E1-82F8-4FE8-BA7A-B55565A854DD}.Debug|x86.Build.0 = Debug|Win32
		{20CF66E1-82F8-4FE8-BA7A-B55565A854DD}.Release|ARM64.ActiveCfg = Release|ARM64
		{20CF66E1-82F8-4FE8-BA7A-B55565A854DD}.Release|ARM64.Build.0 = Release|ARM64
		{20CF66E1-82F8-4FE8-BA7A-B55565A854DD}.Release|x64.ActiveCfg = Release|x64
		{20CF66E1-82F8-4FE8-BA7A-B55565A854DD}.Release|x64.Build.0 = Release|x64
		{20CF66E1-82F8-4FE8-BA7A-B55565A854DD}.Release|x86.ActiveCfg = Release|Win32
		{20CF66E1-82F8-4FE8-BA7A-B55565A854DD}.Release|x86.Build.0 = Release|Win32
	EndGlobalSection
	GlobalSection(SolutionProperties) = preSolution
		HideSolutionNode = FALSE
	EndGlobalSection
	GlobalSection(ExtensibilityGlobals) = postSolution
		SolutionGuid = {4A6ECFAE-8988-4A0A-BB16-87F5B426EDA7}
	EndGlobalSection
EndGlobal
