
Microsoft Visual Studio Solution File, Format Version 12.00
# Visual Studio Version 17
VisualStudioVersion = 17.2.32616.157
MinimumVisualStudioVersion = 10.0.40219.1
Project("{8BC9CEB8-8B4A-11D0-8D11-00A0C91BC942}") = "Esercizio 01", "Esercizio 1\Esercizio 1.vcxproj", "{407ECF83-3B92-4151-A09E-D5F4B0F446CD}"
EndProject
Project("{8BC9CEB8-8B4A-11D0-8D11-00A0C91BC942}") = "Esercizio 02", "Esercizio 02\Esercizio 02.vcxproj", "{5FC4F702-12A8-465D-A874-E80682C2FE8A}"
EndProject
Project("{8BC9CEB8-8B4A-11D0-8D11-00A0C91BC942}") = "Esercizio 03", "Esercizio 03\Esercizio 03.vcxproj", "{553810D2-7F88-4A18-97E2-CE0382338890}"
EndProject
Project("{8BC9CEB8-8B4A-11D0-8D11-00A0C91BC942}") = "Esercizio 04", "Esercizio 04\Esercizio 04.vcxproj", "{5BE1A28B-5EB7-42EC-9258-A3865CAC5D55}"
EndProject
Project("{8BC9CEB8-8B4A-11D0-8D11-00A0C91BC942}") = "Esercizio 05", "Esercizio 05\Esercizio 05.vcxproj", "{857ECAEB-BA27-46FF-983C-2153CE3D6DD8}"
EndProject
Project("{8BC9CEB8-8B4A-11D0-8D11-00A0C91BC942}") = "Esercizio 06", "Esercizio 6\Esercizio 6.vcxproj", "{F37D2BAE-9F90-4AF1-A840-7FE4C4CF44A1}"
EndProject
Project("{8BC9CEB8-8B4A-11D0-8D11-00A0C91BC942}") = "Esercizio 07", "Esercizio 07\Esercizio 07.vcxproj", "{A39BED1C-3D59-4A1C-AFCA-854B80301452}"
EndProject
Project("{8BC9CEB8-8B4A-11D0-8D11-00A0C91BC942}") = "Esercizio 09", "Esercizio 09\Esercizio 09.vcxproj", "{83765A3C-6804-412A-9529-BE77C3041707}"
EndProject
Project("{8BC9CEB8-8B4A-11D0-8D11-00A0C91BC942}") = "Esercizio 10", "Esercizio 10\Esercizio 10.vcxproj", "{D1A3C42F-95F8-44F2-A087-682E834AEB61}"
EndProject
Project("{8BC9CEB8-8B4A-11D0-8D11-00A0C91BC942}") = "Esercizio 11", "Esercizio 11\Esercizio 11.vcxproj", "{2D422344-6940-4F6D-A01A-D7F5DB1461C3}"
EndProject
Project("{8BC9CEB8-8B4A-11D0-8D11-00A0C91BC942}") = "Esercizio 12", "Esercizio 12\Esercizio 12.vcxproj", "{0626F995-63E8-4E14-B0F1-F7A286379396}"
EndProject
Project("{8BC9CEB8-8B4A-11D0-8D11-00A0C91BC942}") = "Esercizio 13", "Esercizio 13\Esercizio 13.vcxproj", "{0BA28D33-248B-4C62-9C60-B3B0CE4BCB8D}"
EndProject
Project("{8BC9CEB8-8B4A-11D0-8D11-00A0C91BC942}") = "Esercizio 14", "Esercizio 14\Esercizio 14.vcxproj", "{F738336C-1B0E-4C6F-BC10-697EE2571E11}"
EndProject
Project("{8BC9CEB8-8B4A-11D0-8D11-00A0C91BC942}") = "Esercizio 15", "Esercizio 15\Esercizio 15.vcxproj", "{3F9F7907-2DF4-4416-87A9-0932CB49C21E}"
EndProject
Project("{8BC9CEB8-8B4A-11D0-8D11-00A0C91BC942}") = "Esercizio 16", "Esercizio 16\Esercizio 16.vcxproj", "{0E7782FF-3C8B-400B-B871-B73F6A69524B}"
EndProject
Project("{8BC9CEB8-8B4A-11D0-8D11-00A0C91BC942}") = "Esercizio 17", "Esercizio 17\Esercizio 17.vcxproj", "{64C3B78C-1B9D-41EA-A45A-C6DE519F3369}"
EndProject
Project("{8BC9CEB8-8B4A-11D0-8D11-00A0C91BC942}") = "Esercizio 18", "Esercizio 18\Esercizio 18.vcxproj", "{0BACE8DA-E882-4866-B88B-2CC2224A59A2}"
EndProject
Project("{8BC9CEB8-8B4A-11D0-8D11-00A0C91BC942}") = "Esercizio 19", "Esercizio 19\Esercizio 19.vcxproj", "{D7A0E882-713E-4D0D-AFB4-591CB1696E83}"
EndProject
Project("{8BC9CEB8-8B4A-11D0-8D11-00A0C91BC942}") = "Esercizio 20", "Esercizio 20\Esercizio 20.vcxproj", "{8BF7C71A-5698-4D69-B228-F830F579EAAF}"
EndProject
Global
	GlobalSection(SolutionConfigurationPlatforms) = preSolution
		Debug|x64 = Debug|x64
		Debug|x86 = Debug|x86
		Release|x64 = Release|x64
		Release|x86 = Release|x86
	EndGlobalSection
	GlobalSection(ProjectConfigurationPlatforms) = postSolution
		{407ECF83-3B92-4151-A09E-D5F4B0F446CD}.Debug|x64.ActiveCfg = Debug|x64
		{407ECF83-3B92-4151-A09E-D5F4B0F446CD}.Debug|x64.Build.0 = Debug|x64
		{407ECF83-3B92-4151-A09E-D5F4B0F446CD}.Debug|x86.ActiveCfg = Debug|Win32
		{407ECF83-3B92-4151-A09E-D5F4B0F446CD}.Debug|x86.Build.0 = Debug|Win32
		{407ECF83-3B92-4151-A09E-D5F4B0F446CD}.Release|x64.ActiveCfg = Release|x64
		{407ECF83-3B92-4151-A09E-D5F4B0F446CD}.Release|x64.Build.0 = Release|x64
		{407ECF83-3B92-4151-A09E-D5F4B0F446CD}.Release|x86.ActiveCfg = Release|Win32
		{407ECF83-3B92-4151-A09E-D5F4B0F446CD}.Release|x86.Build.0 = Release|Win32
		{5FC4F702-12A8-465D-A874-E80682C2FE8A}.Debug|x64.ActiveCfg = Debug|x64
		{5FC4F702-12A8-465D-A874-E80682C2FE8A}.Debug|x64.Build.0 = Debug|x64
		{5FC4F702-12A8-465D-A874-E80682C2FE8A}.Debug|x86.ActiveCfg = Debug|Win32
		{5FC4F702-12A8-465D-A874-E80682C2FE8A}.Debug|x86.Build.0 = Debug|Win32
		{5FC4F702-12A8-465D-A874-E80682C2FE8A}.Release|x64.ActiveCfg = Release|x64
		{5FC4F702-12A8-465D-A874-E80682C2FE8A}.Release|x64.Build.0 = Release|x64
		{5FC4F702-12A8-465D-A874-E80682C2FE8A}.Release|x86.ActiveCfg = Release|Win32
		{5FC4F702-12A8-465D-A874-E80682C2FE8A}.Release|x86.Build.0 = Release|Win32
		{553810D2-7F88-4A18-97E2-CE0382338890}.Debug|x64.ActiveCfg = Debug|x64
		{553810D2-7F88-4A18-97E2-CE0382338890}.Debug|x64.Build.0 = Debug|x64
		{553810D2-7F88-4A18-97E2-CE0382338890}.Debug|x86.ActiveCfg = Debug|Win32
		{553810D2-7F88-4A18-97E2-CE0382338890}.Debug|x86.Build.0 = Debug|Win32
		{553810D2-7F88-4A18-97E2-CE0382338890}.Release|x64.ActiveCfg = Release|x64
		{553810D2-7F88-4A18-97E2-CE0382338890}.Release|x64.Build.0 = Release|x64
		{553810D2-7F88-4A18-97E2-CE0382338890}.Release|x86.ActiveCfg = Release|Win32
		{553810D2-7F88-4A18-97E2-CE0382338890}.Release|x86.Build.0 = Release|Win32
		{5BE1A28B-5EB7-42EC-9258-A3865CAC5D55}.Debug|x64.ActiveCfg = Debug|x64
		{5BE1A28B-5EB7-42EC-9258-A3865CAC5D55}.Debug|x64.Build.0 = Debug|x64
		{5BE1A28B-5EB7-42EC-9258-A3865CAC5D55}.Debug|x86.ActiveCfg = Debug|Win32
		{5BE1A28B-5EB7-42EC-9258-A3865CAC5D55}.Debug|x86.Build.0 = Debug|Win32
		{5BE1A28B-5EB7-42EC-9258-A3865CAC5D55}.Release|x64.ActiveCfg = Release|x64
		{5BE1A28B-5EB7-42EC-9258-A3865CAC5D55}.Release|x64.Build.0 = Release|x64
		{5BE1A28B-5EB7-42EC-9258-A3865CAC5D55}.Release|x86.ActiveCfg = Release|Win32
		{5BE1A28B-5EB7-42EC-9258-A3865CAC5D55}.Release|x86.Build.0 = Release|Win32
		{857ECAEB-BA27-46FF-983C-2153CE3D6DD8}.Debug|x64.ActiveCfg = Debug|x64
		{857ECAEB-BA27-46FF-983C-2153CE3D6DD8}.Debug|x64.Build.0 = Debug|x64
		{857ECAEB-BA27-46FF-983C-2153CE3D6DD8}.Debug|x86.ActiveCfg = Debug|Win32
		{857ECAEB-BA27-46FF-983C-2153CE3D6DD8}.Debug|x86.Build.0 = Debug|Win32
		{857ECAEB-BA27-46FF-983C-2153CE3D6DD8}.Release|x64.ActiveCfg = Release|x64
		{857ECAEB-BA27-46FF-983C-2153CE3D6DD8}.Release|x64.Build.0 = Release|x64
		{857ECAEB-BA27-46FF-983C-2153CE3D6DD8}.Release|x86.ActiveCfg = Release|Win32
		{857ECAEB-BA27-46FF-983C-2153CE3D6DD8}.Release|x86.Build.0 = Release|Win32
		{F37D2BAE-9F90-4AF1-A840-7FE4C4CF44A1}.Debug|x64.ActiveCfg = Debug|x64
		{F37D2BAE-9F90-4AF1-A840-7FE4C4CF44A1}.Debug|x64.Build.0 = Debug|x64
		{F37D2BAE-9F90-4AF1-A840-7FE4C4CF44A1}.Debug|x86.ActiveCfg = Debug|Win32
		{F37D2BAE-9F90-4AF1-A840-7FE4C4CF44A1}.Debug|x86.Build.0 = Debug|Win32
		{F37D2BAE-9F90-4AF1-A840-7FE4C4CF44A1}.Release|x64.ActiveCfg = Release|x64
		{F37D2BAE-9F90-4AF1-A840-7FE4C4CF44A1}.Release|x64.Build.0 = Release|x64
		{F37D2BAE-9F90-4AF1-A840-7FE4C4CF44A1}.Release|x86.ActiveCfg = Release|Win32
		{F37D2BAE-9F90-4AF1-A840-7FE4C4CF44A1}.Release|x86.Build.0 = Release|Win32
		{A39BED1C-3D59-4A1C-AFCA-854B80301452}.Debug|x64.ActiveCfg = Debug|x64
		{A39BED1C-3D59-4A1C-AFCA-854B80301452}.Debug|x64.Build.0 = Debug|x64
		{A39BED1C-3D59-4A1C-AFCA-854B80301452}.Debug|x86.ActiveCfg = Debug|Win32
		{A39BED1C-3D59-4A1C-AFCA-854B80301452}.Debug|x86.Build.0 = Debug|Win32
		{A39BED1C-3D59-4A1C-AFCA-854B80301452}.Release|x64.ActiveCfg = Release|x64
		{A39BED1C-3D59-4A1C-AFCA-854B80301452}.Release|x64.Build.0 = Release|x64
		{A39BED1C-3D59-4A1C-AFCA-854B80301452}.Release|x86.ActiveCfg = Release|Win32
		{A39BED1C-3D59-4A1C-AFCA-854B80301452}.Release|x86.Build.0 = Release|Win32
		{83765A3C-6804-412A-9529-BE77C3041707}.Debug|x64.ActiveCfg = Debug|x64
		{83765A3C-6804-412A-9529-BE77C3041707}.Debug|x64.Build.0 = Debug|x64
		{83765A3C-6804-412A-9529-BE77C3041707}.Debug|x86.ActiveCfg = Debug|Win32
		{83765A3C-6804-412A-9529-BE77C3041707}.Debug|x86.Build.0 = Debug|Win32
		{83765A3C-6804-412A-9529-BE77C3041707}.Release|x64.ActiveCfg = Release|x64
		{83765A3C-6804-412A-9529-BE77C3041707}.Release|x64.Build.0 = Release|x64
		{83765A3C-6804-412A-9529-BE77C3041707}.Release|x86.ActiveCfg = Release|Win32
		{83765A3C-6804-412A-9529-BE77C3041707}.Release|x86.Build.0 = Release|Win32
		{D1A3C42F-95F8-44F2-A087-682E834AEB61}.Debug|x64.ActiveCfg = Debug|x64
		{D1A3C42F-95F8-44F2-A087-682E834AEB61}.Debug|x64.Build.0 = Debug|x64
		{D1A3C42F-95F8-44F2-A087-682E834AEB61}.Debug|x86.ActiveCfg = Debug|Win32
		{D1A3C42F-95F8-44F2-A087-682E834AEB61}.Debug|x86.Build.0 = Debug|Win32
		{D1A3C42F-95F8-44F2-A087-682E834AEB61}.Release|x64.ActiveCfg = Release|x64
		{D1A3C42F-95F8-44F2-A087-682E834AEB61}.Release|x64.Build.0 = Release|x64
		{D1A3C42F-95F8-44F2-A087-682E834AEB61}.Release|x86.ActiveCfg = Release|Win32
		{D1A3C42F-95F8-44F2-A087-682E834AEB61}.Release|x86.Build.0 = Release|Win32
		{2D422344-6940-4F6D-A01A-D7F5DB1461C3}.Debug|x64.ActiveCfg = Debug|x64
		{2D422344-6940-4F6D-A01A-D7F5DB1461C3}.Debug|x64.Build.0 = Debug|x64
		{2D422344-6940-4F6D-A01A-D7F5DB1461C3}.Debug|x86.ActiveCfg = Debug|Win32
		{2D422344-6940-4F6D-A01A-D7F5DB1461C3}.Debug|x86.Build.0 = Debug|Win32
		{2D422344-6940-4F6D-A01A-D7F5DB1461C3}.Release|x64.ActiveCfg = Release|x64
		{2D422344-6940-4F6D-A01A-D7F5DB1461C3}.Release|x64.Build.0 = Release|x64
		{2D422344-6940-4F6D-A01A-D7F5DB1461C3}.Release|x86.ActiveCfg = Release|Win32
		{2D422344-6940-4F6D-A01A-D7F5DB1461C3}.Release|x86.Build.0 = Release|Win32
		{0626F995-63E8-4E14-B0F1-F7A286379396}.Debug|x64.ActiveCfg = Debug|x64
		{0626F995-63E8-4E14-B0F1-F7A286379396}.Debug|x64.Build.0 = Debug|x64
		{0626F995-63E8-4E14-B0F1-F7A286379396}.Debug|x86.ActiveCfg = Debug|Win32
		{0626F995-63E8-4E14-B0F1-F7A286379396}.Debug|x86.Build.0 = Debug|Win32
		{0626F995-63E8-4E14-B0F1-F7A286379396}.Release|x64.ActiveCfg = Release|x64
		{0626F995-63E8-4E14-B0F1-F7A286379396}.Release|x64.Build.0 = Release|x64
		{0626F995-63E8-4E14-B0F1-F7A286379396}.Release|x86.ActiveCfg = Release|Win32
		{0626F995-63E8-4E14-B0F1-F7A286379396}.Release|x86.Build.0 = Release|Win32
		{0BA28D33-248B-4C62-9C60-B3B0CE4BCB8D}.Debug|x64.ActiveCfg = Debug|x64
		{0BA28D33-248B-4C62-9C60-B3B0CE4BCB8D}.Debug|x64.Build.0 = Debug|x64
		{0BA28D33-248B-4C62-9C60-B3B0CE4BCB8D}.Debug|x86.ActiveCfg = Debug|Win32
		{0BA28D33-248B-4C62-9C60-B3B0CE4BCB8D}.Debug|x86.Build.0 = Debug|Win32
		{0BA28D33-248B-4C62-9C60-B3B0CE4BCB8D}.Release|x64.ActiveCfg = Release|x64
		{0BA28D33-248B-4C62-9C60-B3B0CE4BCB8D}.Release|x64.Build.0 = Release|x64
		{0BA28D33-248B-4C62-9C60-B3B0CE4BCB8D}.Release|x86.ActiveCfg = Release|Win32
		{0BA28D33-248B-4C62-9C60-B3B0CE4BCB8D}.Release|x86.Build.0 = Release|Win32
		{F738336C-1B0E-4C6F-BC10-697EE2571E11}.Debug|x64.ActiveCfg = Debug|x64
		{F738336C-1B0E-4C6F-BC10-697EE2571E11}.Debug|x64.Build.0 = Debug|x64
		{F738336C-1B0E-4C6F-BC10-697EE2571E11}.Debug|x86.ActiveCfg = Debug|Win32
		{F738336C-1B0E-4C6F-BC10-697EE2571E11}.Debug|x86.Build.0 = Debug|Win32
		{F738336C-1B0E-4C6F-BC10-697EE2571E11}.Release|x64.ActiveCfg = Release|x64
		{F738336C-1B0E-4C6F-BC10-697EE2571E11}.Release|x64.Build.0 = Release|x64
		{F738336C-1B0E-4C6F-BC10-697EE2571E11}.Release|x86.ActiveCfg = Release|Win32
		{F738336C-1B0E-4C6F-BC10-697EE2571E11}.Release|x86.Build.0 = Release|Win32
		{3F9F7907-2DF4-4416-87A9-0932CB49C21E}.Debug|x64.ActiveCfg = Debug|x64
		{3F9F7907-2DF4-4416-87A9-0932CB49C21E}.Debug|x64.Build.0 = Debug|x64
		{3F9F7907-2DF4-4416-87A9-0932CB49C21E}.Debug|x86.ActiveCfg = Debug|Win32
		{3F9F7907-2DF4-4416-87A9-0932CB49C21E}.Debug|x86.Build.0 = Debug|Win32
		{3F9F7907-2DF4-4416-87A9-0932CB49C21E}.Release|x64.ActiveCfg = Release|x64
		{3F9F7907-2DF4-4416-87A9-0932CB49C21E}.Release|x64.Build.0 = Release|x64
		{3F9F7907-2DF4-4416-87A9-0932CB49C21E}.Release|x86.ActiveCfg = Release|Win32
		{3F9F7907-2DF4-4416-87A9-0932CB49C21E}.Release|x86.Build.0 = Release|Win32
		{0E7782FF-3C8B-400B-B871-B73F6A69524B}.Debug|x64.ActiveCfg = Debug|x64
		{0E7782FF-3C8B-400B-B871-B73F6A69524B}.Debug|x64.Build.0 = Debug|x64
		{0E7782FF-3C8B-400B-B871-B73F6A69524B}.Debug|x86.ActiveCfg = Debug|Win32
		{0E7782FF-3C8B-400B-B871-B73F6A69524B}.Debug|x86.Build.0 = Debug|Win32
		{0E7782FF-3C8B-400B-B871-B73F6A69524B}.Release|x64.ActiveCfg = Release|x64
		{0E7782FF-3C8B-400B-B871-B73F6A69524B}.Release|x64.Build.0 = Release|x64
		{0E7782FF-3C8B-400B-B871-B73F6A69524B}.Release|x86.ActiveCfg = Release|Win32
		{0E7782FF-3C8B-400B-B871-B73F6A69524B}.Release|x86.Build.0 = Release|Win32
		{64C3B78C-1B9D-41EA-A45A-C6DE519F3369}.Debug|x64.ActiveCfg = Debug|x64
		{64C3B78C-1B9D-41EA-A45A-C6DE519F3369}.Debug|x64.Build.0 = Debug|x64
		{64C3B78C-1B9D-41EA-A45A-C6DE519F3369}.Debug|x86.ActiveCfg = Debug|Win32
		{64C3B78C-1B9D-41EA-A45A-C6DE519F3369}.Debug|x86.Build.0 = Debug|Win32
		{64C3B78C-1B9D-41EA-A45A-C6DE519F3369}.Release|x64.ActiveCfg = Release|x64
		{64C3B78C-1B9D-41EA-A45A-C6DE519F3369}.Release|x64.Build.0 = Release|x64
		{64C3B78C-1B9D-41EA-A45A-C6DE519F3369}.Release|x86.ActiveCfg = Release|Win32
		{64C3B78C-1B9D-41EA-A45A-C6DE519F3369}.Release|x86.Build.0 = Release|Win32
		{0BACE8DA-E882-4866-B88B-2CC2224A59A2}.Debug|x64.ActiveCfg = Debug|x64
		{0BACE8DA-E882-4866-B88B-2CC2224A59A2}.Debug|x64.Build.0 = Debug|x64
		{0BACE8DA-E882-4866-B88B-2CC2224A59A2}.Debug|x86.ActiveCfg = Debug|Win32
		{0BACE8DA-E882-4866-B88B-2CC2224A59A2}.Debug|x86.Build.0 = Debug|Win32
		{0BACE8DA-E882-4866-B88B-2CC2224A59A2}.Release|x64.ActiveCfg = Release|x64
		{0BACE8DA-E882-4866-B88B-2CC2224A59A2}.Release|x64.Build.0 = Release|x64
		{0BACE8DA-E882-4866-B88B-2CC2224A59A2}.Release|x86.ActiveCfg = Release|Win32
		{0BACE8DA-E882-4866-B88B-2CC2224A59A2}.Release|x86.Build.0 = Release|Win32
		{D7A0E882-713E-4D0D-AFB4-591CB1696E83}.Debug|x64.ActiveCfg = Debug|x64
		{D7A0E882-713E-4D0D-AFB4-591CB1696E83}.Debug|x64.Build.0 = Debug|x64
		{D7A0E882-713E-4D0D-AFB4-591CB1696E83}.Debug|x86.ActiveCfg = Debug|Win32
		{D7A0E882-713E-4D0D-AFB4-591CB1696E83}.Debug|x86.Build.0 = Debug|Win32
		{D7A0E882-713E-4D0D-AFB4-591CB1696E83}.Release|x64.ActiveCfg = Release|x64
		{D7A0E882-713E-4D0D-AFB4-591CB1696E83}.Release|x64.Build.0 = Release|x64
		{D7A0E882-713E-4D0D-AFB4-591CB1696E83}.Release|x86.ActiveCfg = Release|Win32
		{D7A0E882-713E-4D0D-AFB4-591CB1696E83}.Release|x86.Build.0 = Release|Win32
		{8BF7C71A-5698-4D69-B228-F830F579EAAF}.Debug|x64.ActiveCfg = Debug|x64
		{8BF7C71A-5698-4D69-B228-F830F579EAAF}.Debug|x64.Build.0 = Debug|x64
		{8BF7C71A-5698-4D69-B228-F830F579EAAF}.Debug|x86.ActiveCfg = Debug|Win32
		{8BF7C71A-5698-4D69-B228-F830F579EAAF}.Debug|x86.Build.0 = Debug|Win32
		{8BF7C71A-5698-4D69-B228-F830F579EAAF}.Release|x64.ActiveCfg = Release|x64
		{8BF7C71A-5698-4D69-B228-F830F579EAAF}.Release|x64.Build.0 = Release|x64
		{8BF7C71A-5698-4D69-B228-F830F579EAAF}.Release|x86.ActiveCfg = Release|Win32
		{8BF7C71A-5698-4D69-B228-F830F579EAAF}.Release|x86.Build.0 = Release|Win32
	EndGlobalSection
	GlobalSection(SolutionProperties) = preSolution
		HideSolutionNode = FALSE
	EndGlobalSection
	GlobalSection(ExtensibilityGlobals) = postSolution
		SolutionGuid = {061111D2-C3F6-4E3D-9BB3-100CF358D433}
	EndGlobalSection
EndGlobal
