
Microsoft Visual Studio Solution File, Format Version 12.00
# Visual Studio Version 17
VisualStudioVersion = 17.6.33829.357
MinimumVisualStudioVersion = 10.0.40219.1
Project("{8BC9CEB8-8B4A-11D0-8D11-00A0C91BC942}") = "Try This 1", "Try This 1\Try This 1.vcxproj", "{86BAE8E6-52DA-4AF0-866F-33EF83C3FE48}"
EndProject
Project("{8BC9CEB8-8B4A-11D0-8D11-00A0C91BC942}") = "Try This 2", "Try This 2\Try This 2.vcxproj", "{B4B82D64-A646-4307-BF35-D5AFC957C205}"
EndProject
Project("{8BC9CEB8-8B4A-11D0-8D11-00A0C91BC942}") = "Try This 3", "Try This 3\Try This 3.vcxproj", "{201BDDBC-2B1C-4AD6-BA67-8B728E8338AE}"
EndProject
Project("{8BC9CEB8-8B4A-11D0-8D11-00A0C91BC942}") = "Try This 4", "Try This 4\Try This 4.vcxproj", "{F27F4918-F947-447A-BFD9-4612B22366F2}"
EndProject
Project("{8BC9CEB8-8B4A-11D0-8D11-00A0C91BC942}") = "Try This 5", "Try This 5\Try This 5.vcxproj", "{CA200FB7-AFBE-4A58-A16D-4DA7BE0EAD74}"
EndProject
Project("{8BC9CEB8-8B4A-11D0-8D11-00A0C91BC942}") = "Drill 1", "Drill 1\Drill 1.vcxproj", "{055C1C33-F037-49C8-8F30-BEC46665F23D}"
EndProject
Project("{8BC9CEB8-8B4A-11D0-8D11-00A0C91BC942}") = "Drill 2", "Drill 2\Drill 2.vcxproj", "{E9AE67BB-30EE-4D8A-9FFB-5F065B3333A8}"
EndProject
Project("{8BC9CEB8-8B4A-11D0-8D11-00A0C91BC942}") = "Drill 3", "Drill 3\Drill 3.vcxproj", "{7592D936-01C5-4914-9422-462A2DD2284E}"
EndProject
Project("{8BC9CEB8-8B4A-11D0-8D11-00A0C91BC942}") = "Drill 4", "Drill 4\Drill 4.vcxproj", "{8CB00044-D84C-4CED-BA91-001A4BE67839}"
EndProject
Project("{8BC9CEB8-8B4A-11D0-8D11-00A0C91BC942}") = "Drill 5", "Drill 5\Drill 5.vcxproj", "{FE796639-FC3B-4E6B-B7A4-4AD8F5A1D293}"
EndProject
Project("{8BC9CEB8-8B4A-11D0-8D11-00A0C91BC942}") = "Esercizio 02", "Esercizio 01\Esercizio 01.vcxproj", "{AC412AC8-352F-4874-A211-2542DC450A66}"
EndProject
Project("{8BC9CEB8-8B4A-11D0-8D11-00A0C91BC942}") = "Esercizio 03", "Esercizio 03\Esercizio 03.vcxproj", "{F93FC3B0-3440-45F4-BF81-0282619D0760}"
EndProject
Project("{8BC9CEB8-8B4A-11D0-8D11-00A0C91BC942}") = "Esercizio 04", "Esercizio 04\Esercizio 04.vcxproj", "{6F3FEE1E-48EE-41A0-B8CF-E26BC431663C}"
EndProject
Project("{8BC9CEB8-8B4A-11D0-8D11-00A0C91BC942}") = "Esercizio 05", "Esercizio 05\Esercizio 05.vcxproj", "{FD418D68-CFD5-4D9D-8FFF-4C1A15B71291}"
EndProject
Project("{8BC9CEB8-8B4A-11D0-8D11-00A0C91BC942}") = "Esercizio 06", "Esercizio 06\Esercizio 06.vcxproj", "{15E2C06A-E00C-41A4-89C7-EE24D93412DE}"
EndProject
Project("{8BC9CEB8-8B4A-11D0-8D11-00A0C91BC942}") = "Esercizio 07", "Esercizio 07\Esercizio 07.vcxproj", "{984369F5-A60F-4DDB-80C3-50471850D171}"
EndProject
Project("{8BC9CEB8-8B4A-11D0-8D11-00A0C91BC942}") = "Esercizio 08", "Esercizio 08\Esercizio 08.vcxproj", "{A92F56E5-1106-4FBD-B2EF-9FB69EAF7402}"
EndProject
Project("{8BC9CEB8-8B4A-11D0-8D11-00A0C91BC942}") = "Esercizio 09", "Esercizio 09\Esercizio 09.vcxproj", "{F9F11F41-3F5E-4F1C-BCDD-71FBCDFBDF8A}"
EndProject
Project("{8BC9CEB8-8B4A-11D0-8D11-00A0C91BC942}") = "Esercizio 10", "Esercizio 10\Esercizio 10.vcxproj", "{E2820919-D506-4FDE-A68D-CE9D0F10C938}"
EndProject
Project("{8BC9CEB8-8B4A-11D0-8D11-00A0C91BC942}") = "Esercizio 11", "Esercizio 11\Esercizio 11.vcxproj", "{A8621540-6568-41E6-903C-0129EACB2FF7}"
EndProject
Project("{8BC9CEB8-8B4A-11D0-8D11-00A0C91BC942}") = "Esercizio 12", "Esercizio 12\Esercizio 12.vcxproj", "{53E34756-C47A-49A8-9CB9-9862BE262FC0}"
EndProject
Project("{8BC9CEB8-8B4A-11D0-8D11-00A0C91BC942}") = "Esercizio 13", "Esercizio 13\Esercizio 13.vcxproj", "{CEDE75FC-BBBD-4176-AFAF-FD2ACFEFABB3}"
EndProject
Project("{8BC9CEB8-8B4A-11D0-8D11-00A0C91BC942}") = "Esercizio 14", "Esercizio 14\Esercizio 14.vcxproj", "{ABC594C8-D8B5-4680-BE84-78D64B3CFD0B}"
EndProject
Project("{8BC9CEB8-8B4A-11D0-8D11-00A0C91BC942}") = "Esercizio 15", "Esercizio 15\Esercizio 15.vcxproj", "{6A470F18-B863-40C5-8D7F-FB822C0EB0FC}"
EndProject
Project("{8BC9CEB8-8B4A-11D0-8D11-00A0C91BC942}") = "Esercizio 16", "Esercizio 16\Esercizio 16.vcxproj", "{A660601A-563C-43F6-B9C5-31C3105F4B07}"
EndProject
Project("{8BC9CEB8-8B4A-11D0-8D11-00A0C91BC942}") = "Test MyStack", "Test MyStack\Test MyStack.vcxproj", "{C8F92270-CD54-41CE-8165-59537E0B7A64}"
EndProject
Project("{8BC9CEB8-8B4A-11D0-8D11-00A0C91BC942}") = "Esercizio 17", "Esercizio 17\Esercizio 17.vcxproj", "{1A442896-FDFB-46E7-9CEC-9BC3506D2869}"
EndProject
Global
	GlobalSection(SolutionConfigurationPlatforms) = preSolution
		Debug|ARM64 = Debug|ARM64
		Debug|x64 = Debug|x64
		Debug|x86 = Debug|x86
		Release|ARM64 = Release|ARM64
		Release|x64 = Release|x64
		Release|x86 = Release|x86
	EndGlobalSection
	GlobalSection(ProjectConfigurationPlatforms) = postSolution
		{86BAE8E6-52DA-4AF0-866F-33EF83C3FE48}.Debug|ARM64.ActiveCfg = Debug|ARM64
		{86BAE8E6-52DA-4AF0-866F-33EF83C3FE48}.Debug|ARM64.Build.0 = Debug|ARM64
		{86BAE8E6-52DA-4AF0-866F-33EF83C3FE48}.Debug|x64.ActiveCfg = Debug|x64
		{86BAE8E6-52DA-4AF0-866F-33EF83C3FE48}.Debug|x64.Build.0 = Debug|x64
		{86BAE8E6-52DA-4AF0-866F-33EF83C3FE48}.Debug|x86.ActiveCfg = Debug|Win32
		{86BAE8E6-52DA-4AF0-866F-33EF83C3FE48}.Debug|x86.Build.0 = Debug|Win32
		{86BAE8E6-52DA-4AF0-866F-33EF83C3FE48}.Release|ARM64.ActiveCfg = Release|ARM64
		{86BAE8E6-52DA-4AF0-866F-33EF83C3FE48}.Release|ARM64.Build.0 = Release|ARM64
		{86BAE8E6-52DA-4AF0-866F-33EF83C3FE48}.Release|x64.ActiveCfg = Release|x64
		{86BAE8E6-52DA-4AF0-866F-33EF83C3FE48}.Release|x64.Build.0 = Release|x64
		{86BAE8E6-52DA-4AF0-866F-33EF83C3FE48}.Release|x86.ActiveCfg = Release|Win32
		{86BAE8E6-52DA-4AF0-866F-33EF83C3FE48}.Release|x86.Build.0 = Release|Win32
		{B4B82D64-A646-4307-BF35-D5AFC957C205}.Debug|ARM64.ActiveCfg = Debug|ARM64
		{B4B82D64-A646-4307-BF35-D5AFC957C205}.Debug|ARM64.Build.0 = Debug|ARM64
		{B4B82D64-A646-4307-BF35-D5AFC957C205}.Debug|x64.ActiveCfg = Debug|x64
		{B4B82D64-A646-4307-BF35-D5AFC957C205}.Debug|x64.Build.0 = Debug|x64
		{B4B82D64-A646-4307-BF35-D5AFC957C205}.Debug|x86.ActiveCfg = Debug|Win32
		{B4B82D64-A646-4307-BF35-D5AFC957C205}.Debug|x86.Build.0 = Debug|Win32
		{B4B82D64-A646-4307-BF35-D5AFC957C205}.Release|ARM64.ActiveCfg = Release|ARM64
		{B4B82D64-A646-4307-BF35-D5AFC957C205}.Release|ARM64.Build.0 = Release|ARM64
		{B4B82D64-A646-4307-BF35-D5AFC957C205}.Release|x64.ActiveCfg = Release|x64
		{B4B82D64-A646-4307-BF35-D5AFC957C205}.Release|x64.Build.0 = Release|x64
		{B4B82D64-A646-4307-BF35-D5AFC957C205}.Release|x86.ActiveCfg = Release|Win32
		{B4B82D64-A646-4307-BF35-D5AFC957C205}.Release|x86.Build.0 = Release|Win32
		{201BDDBC-2B1C-4AD6-BA67-8B728E8338AE}.Debug|ARM64.ActiveCfg = Debug|ARM64
		{201BDDBC-2B1C-4AD6-BA67-8B728E8338AE}.Debug|ARM64.Build.0 = Debug|ARM64
		{201BDDBC-2B1C-4AD6-BA67-8B728E8338AE}.Debug|x64.ActiveCfg = Debug|x64
		{201BDDBC-2B1C-4AD6-BA67-8B728E8338AE}.Debug|x64.Build.0 = Debug|x64
		{201BDDBC-2B1C-4AD6-BA67-8B728E8338AE}.Debug|x86.ActiveCfg = Debug|Win32
		{201BDDBC-2B1C-4AD6-BA67-8B728E8338AE}.Debug|x86.Build.0 = Debug|Win32
		{201BDDBC-2B1C-4AD6-BA67-8B728E8338AE}.Release|ARM64.ActiveCfg = Release|ARM64
		{201BDDBC-2B1C-4AD6-BA67-8B728E8338AE}.Release|ARM64.Build.0 = Release|ARM64
		{201BDDBC-2B1C-4AD6-BA67-8B728E8338AE}.Release|x64.ActiveCfg = Release|x64
		{201BDDBC-2B1C-4AD6-BA67-8B728E8338AE}.Release|x64.Build.0 = Release|x64
		{201BDDBC-2B1C-4AD6-BA67-8B728E8338AE}.Release|x86.ActiveCfg = Release|Win32
		{201BDDBC-2B1C-4AD6-BA67-8B728E8338AE}.Release|x86.Build.0 = Release|Win32
		{F27F4918-F947-447A-BFD9-4612B22366F2}.Debug|ARM64.ActiveCfg = Debug|ARM64
		{F27F4918-F947-447A-BFD9-4612B22366F2}.Debug|ARM64.Build.0 = Debug|ARM64
		{F27F4918-F947-447A-BFD9-4612B22366F2}.Debug|x64.ActiveCfg = Debug|x64
		{F27F4918-F947-447A-BFD9-4612B22366F2}.Debug|x64.Build.0 = Debug|x64
		{F27F4918-F947-447A-BFD9-4612B22366F2}.Debug|x86.ActiveCfg = Debug|Win32
		{F27F4918-F947-447A-BFD9-4612B22366F2}.Debug|x86.Build.0 = Debug|Win32
		{F27F4918-F947-447A-BFD9-4612B22366F2}.Release|ARM64.ActiveCfg = Release|ARM64
		{F27F4918-F947-447A-BFD9-4612B22366F2}.Release|ARM64.Build.0 = Release|ARM64
		{F27F4918-F947-447A-BFD9-4612B22366F2}.Release|x64.ActiveCfg = Release|x64
		{F27F4918-F947-447A-BFD9-4612B22366F2}.Release|x64.Build.0 = Release|x64
		{F27F4918-F947-447A-BFD9-4612B22366F2}.Release|x86.ActiveCfg = Release|Win32
		{F27F4918-F947-447A-BFD9-4612B22366F2}.Release|x86.Build.0 = Release|Win32
		{CA200FB7-AFBE-4A58-A16D-4DA7BE0EAD74}.Debug|ARM64.ActiveCfg = Debug|ARM64
		{CA200FB7-AFBE-4A58-A16D-4DA7BE0EAD74}.Debug|ARM64.Build.0 = Debug|ARM64
		{CA200FB7-AFBE-4A58-A16D-4DA7BE0EAD74}.Debug|x64.ActiveCfg = Debug|x64
		{CA200FB7-AFBE-4A58-A16D-4DA7BE0EAD74}.Debug|x64.Build.0 = Debug|x64
		{CA200FB7-AFBE-4A58-A16D-4DA7BE0EAD74}.Debug|x86.ActiveCfg = Debug|Win32
		{CA200FB7-AFBE-4A58-A16D-4DA7BE0EAD74}.Debug|x86.Build.0 = Debug|Win32
		{CA200FB7-AFBE-4A58-A16D-4DA7BE0EAD74}.Release|ARM64.ActiveCfg = Release|ARM64
		{CA200FB7-AFBE-4A58-A16D-4DA7BE0EAD74}.Release|ARM64.Build.0 = Release|ARM64
		{CA200FB7-AFBE-4A58-A16D-4DA7BE0EAD74}.Release|x64.ActiveCfg = Release|x64
		{CA200FB7-AFBE-4A58-A16D-4DA7BE0EAD74}.Release|x64.Build.0 = Release|x64
		{CA200FB7-AFBE-4A58-A16D-4DA7BE0EAD74}.Release|x86.ActiveCfg = Release|Win32
		{CA200FB7-AFBE-4A58-A16D-4DA7BE0EAD74}.Release|x86.Build.0 = Release|Win32
		{055C1C33-F037-49C8-8F30-BEC46665F23D}.Debug|ARM64.ActiveCfg = Debug|ARM64
		{055C1C33-F037-49C8-8F30-BEC46665F23D}.Debug|ARM64.Build.0 = Debug|ARM64
		{055C1C33-F037-49C8-8F30-BEC46665F23D}.Debug|x64.ActiveCfg = Debug|x64
		{055C1C33-F037-49C8-8F30-BEC46665F23D}.Debug|x64.Build.0 = Debug|x64
		{055C1C33-F037-49C8-8F30-BEC46665F23D}.Debug|x86.ActiveCfg = Debug|Win32
		{055C1C33-F037-49C8-8F30-BEC46665F23D}.Debug|x86.Build.0 = Debug|Win32
		{055C1C33-F037-49C8-8F30-BEC46665F23D}.Release|ARM64.ActiveCfg = Release|ARM64
		{055C1C33-F037-49C8-8F30-BEC46665F23D}.Release|ARM64.Build.0 = Release|ARM64
		{055C1C33-F037-49C8-8F30-BEC46665F23D}.Release|x64.ActiveCfg = Release|x64
		{055C1C33-F037-49C8-8F30-BEC46665F23D}.Release|x64.Build.0 = Release|x64
		{055C1C33-F037-49C8-8F30-BEC46665F23D}.Release|x86.ActiveCfg = Release|Win32
		{055C1C33-F037-49C8-8F30-BEC46665F23D}.Release|x86.Build.0 = Release|Win32
		{E9AE67BB-30EE-4D8A-9FFB-5F065B3333A8}.Debug|ARM64.ActiveCfg = Debug|ARM64
		{E9AE67BB-30EE-4D8A-9FFB-5F065B3333A8}.Debug|ARM64.Build.0 = Debug|ARM64
		{E9AE67BB-30EE-4D8A-9FFB-5F065B3333A8}.Debug|x64.ActiveCfg = Debug|x64
		{E9AE67BB-30EE-4D8A-9FFB-5F065B3333A8}.Debug|x64.Build.0 = Debug|x64
		{E9AE67BB-30EE-4D8A-9FFB-5F065B3333A8}.Debug|x86.ActiveCfg = Debug|Win32
		{E9AE67BB-30EE-4D8A-9FFB-5F065B3333A8}.Debug|x86.Build.0 = Debug|Win32
		{E9AE67BB-30EE-4D8A-9FFB-5F065B3333A8}.Release|ARM64.ActiveCfg = Release|ARM64
		{E9AE67BB-30EE-4D8A-9FFB-5F065B3333A8}.Release|ARM64.Build.0 = Release|ARM64
		{E9AE67BB-30EE-4D8A-9FFB-5F065B3333A8}.Release|x64.ActiveCfg = Release|x64
		{E9AE67BB-30EE-4D8A-9FFB-5F065B3333A8}.Release|x64.Build.0 = Release|x64
		{E9AE67BB-30EE-4D8A-9FFB-5F065B3333A8}.Release|x86.ActiveCfg = Release|Win32
		{E9AE67BB-30EE-4D8A-9FFB-5F065B3333A8}.Release|x86.Build.0 = Release|Win32
		{7592D936-01C5-4914-9422-462A2DD2284E}.Debug|ARM64.ActiveCfg = Debug|ARM64
		{7592D936-01C5-4914-9422-462A2DD2284E}.Debug|ARM64.Build.0 = Debug|ARM64
		{7592D936-01C5-4914-9422-462A2DD2284E}.Debug|x64.ActiveCfg = Debug|x64
		{7592D936-01C5-4914-9422-462A2DD2284E}.Debug|x64.Build.0 = Debug|x64
		{7592D936-01C5-4914-9422-462A2DD2284E}.Debug|x86.ActiveCfg = Debug|Win32
		{7592D936-01C5-4914-9422-462A2DD2284E}.Debug|x86.Build.0 = Debug|Win32
		{7592D936-01C5-4914-9422-462A2DD2284E}.Release|ARM64.ActiveCfg = Release|ARM64
		{7592D936-01C5-4914-9422-462A2DD2284E}.Release|ARM64.Build.0 = Release|ARM64
		{7592D936-01C5-4914-9422-462A2DD2284E}.Release|x64.ActiveCfg = Release|x64
		{7592D936-01C5-4914-9422-462A2DD2284E}.Release|x64.Build.0 = Release|x64
		{7592D936-01C5-4914-9422-462A2DD2284E}.Release|x86.ActiveCfg = Release|Win32
		{7592D936-01C5-4914-9422-462A2DD2284E}.Release|x86.Build.0 = Release|Win32
		{8CB00044-D84C-4CED-BA91-001A4BE67839}.Debug|ARM64.ActiveCfg = Debug|ARM64
		{8CB00044-D84C-4CED-BA91-001A4BE67839}.Debug|ARM64.Build.0 = Debug|ARM64
		{8CB00044-D84C-4CED-BA91-001A4BE67839}.Debug|x64.ActiveCfg = Debug|x64
		{8CB00044-D84C-4CED-BA91-001A4BE67839}.Debug|x64.Build.0 = Debug|x64
		{8CB00044-D84C-4CED-BA91-001A4BE67839}.Debug|x86.ActiveCfg = Debug|Win32
		{8CB00044-D84C-4CED-BA91-001A4BE67839}.Debug|x86.Build.0 = Debug|Win32
		{8CB00044-D84C-4CED-BA91-001A4BE67839}.Release|ARM64.ActiveCfg = Release|ARM64
		{8CB00044-D84C-4CED-BA91-001A4BE67839}.Release|ARM64.Build.0 = Release|ARM64
		{8CB00044-D84C-4CED-BA91-001A4BE67839}.Release|x64.ActiveCfg = Release|x64
		{8CB00044-D84C-4CED-BA91-001A4BE67839}.Release|x64.Build.0 = Release|x64
		{8CB00044-D84C-4CED-BA91-001A4BE67839}.Release|x86.ActiveCfg = Release|Win32
		{8CB00044-D84C-4CED-BA91-001A4BE67839}.Release|x86.Build.0 = Release|Win32
		{FE796639-FC3B-4E6B-B7A4-4AD8F5A1D293}.Debug|ARM64.ActiveCfg = Debug|ARM64
		{FE796639-FC3B-4E6B-B7A4-4AD8F5A1D293}.Debug|ARM64.Build.0 = Debug|ARM64
		{FE796639-FC3B-4E6B-B7A4-4AD8F5A1D293}.Debug|x64.ActiveCfg = Debug|x64
		{FE796639-FC3B-4E6B-B7A4-4AD8F5A1D293}.Debug|x64.Build.0 = Debug|x64
		{FE796639-FC3B-4E6B-B7A4-4AD8F5A1D293}.Debug|x86.ActiveCfg = Debug|Win32
		{FE796639-FC3B-4E6B-B7A4-4AD8F5A1D293}.Debug|x86.Build.0 = Debug|Win32
		{FE796639-FC3B-4E6B-B7A4-4AD8F5A1D293}.Release|ARM64.ActiveCfg = Release|ARM64
		{FE796639-FC3B-4E6B-B7A4-4AD8F5A1D293}.Release|ARM64.Build.0 = Release|ARM64
		{FE796639-FC3B-4E6B-B7A4-4AD8F5A1D293}.Release|x64.ActiveCfg = Release|x64
		{FE796639-FC3B-4E6B-B7A4-4AD8F5A1D293}.Release|x64.Build.0 = Release|x64
		{FE796639-FC3B-4E6B-B7A4-4AD8F5A1D293}.Release|x86.ActiveCfg = Release|Win32
		{FE796639-FC3B-4E6B-B7A4-4AD8F5A1D293}.Release|x86.Build.0 = Release|Win32
		{AC412AC8-352F-4874-A211-2542DC450A66}.Debug|ARM64.ActiveCfg = Debug|ARM64
		{AC412AC8-352F-4874-A211-2542DC450A66}.Debug|ARM64.Build.0 = Debug|ARM64
		{AC412AC8-352F-4874-A211-2542DC450A66}.Debug|x64.ActiveCfg = Debug|x64
		{AC412AC8-352F-4874-A211-2542DC450A66}.Debug|x64.Build.0 = Debug|x64
		{AC412AC8-352F-4874-A211-2542DC450A66}.Debug|x86.ActiveCfg = Debug|Win32
		{AC412AC8-352F-4874-A211-2542DC450A66}.Debug|x86.Build.0 = Debug|Win32
		{AC412AC8-352F-4874-A211-2542DC450A66}.Release|ARM64.ActiveCfg = Release|ARM64
		{AC412AC8-352F-4874-A211-2542DC450A66}.Release|ARM64.Build.0 = Release|ARM64
		{AC412AC8-352F-4874-A211-2542DC450A66}.Release|x64.ActiveCfg = Release|x64
		{AC412AC8-352F-4874-A211-2542DC450A66}.Release|x64.Build.0 = Release|x64
		{AC412AC8-352F-4874-A211-2542DC450A66}.Release|x86.ActiveCfg = Release|Win32
		{AC412AC8-352F-4874-A211-2542DC450A66}.Release|x86.Build.0 = Release|Win32
		{F93FC3B0-3440-45F4-BF81-0282619D0760}.Debug|ARM64.ActiveCfg = Debug|ARM64
		{F93FC3B0-3440-45F4-BF81-0282619D0760}.Debug|ARM64.Build.0 = Debug|ARM64
		{F93FC3B0-3440-45F4-BF81-0282619D0760}.Debug|x64.ActiveCfg = Debug|x64
		{F93FC3B0-3440-45F4-BF81-0282619D0760}.Debug|x64.Build.0 = Debug|x64
		{F93FC3B0-3440-45F4-BF81-0282619D0760}.Debug|x86.ActiveCfg = Debug|Win32
		{F93FC3B0-3440-45F4-BF81-0282619D0760}.Debug|x86.Build.0 = Debug|Win32
		{F93FC3B0-3440-45F4-BF81-0282619D0760}.Release|ARM64.ActiveCfg = Release|ARM64
		{F93FC3B0-3440-45F4-BF81-0282619D0760}.Release|ARM64.Build.0 = Release|ARM64
		{F93FC3B0-3440-45F4-BF81-0282619D0760}.Release|x64.ActiveCfg = Release|x64
		{F93FC3B0-3440-45F4-BF81-0282619D0760}.Release|x64.Build.0 = Release|x64
		{F93FC3B0-3440-45F4-BF81-0282619D0760}.Release|x86.ActiveCfg = Release|Win32
		{F93FC3B0-3440-45F4-BF81-0282619D0760}.Release|x86.Build.0 = Release|Win32
		{6F3FEE1E-48EE-41A0-B8CF-E26BC431663C}.Debug|ARM64.ActiveCfg = Debug|ARM64
		{6F3FEE1E-48EE-41A0-B8CF-E26BC431663C}.Debug|ARM64.Build.0 = Debug|ARM64
		{6F3FEE1E-48EE-41A0-B8CF-E26BC431663C}.Debug|x64.ActiveCfg = Debug|x64
		{6F3FEE1E-48EE-41A0-B8CF-E26BC431663C}.Debug|x64.Build.0 = Debug|x64
		{6F3FEE1E-48EE-41A0-B8CF-E26BC431663C}.Debug|x86.ActiveCfg = Debug|Win32
		{6F3FEE1E-48EE-41A0-B8CF-E26BC431663C}.Debug|x86.Build.0 = Debug|Win32
		{6F3FEE1E-48EE-41A0-B8CF-E26BC431663C}.Release|ARM64.ActiveCfg = Release|ARM64
		{6F3FEE1E-48EE-41A0-B8CF-E26BC431663C}.Release|ARM64.Build.0 = Release|ARM64
		{6F3FEE1E-48EE-41A0-B8CF-E26BC431663C}.Release|x64.ActiveCfg = Release|x64
		{6F3FEE1E-48EE-41A0-B8CF-E26BC431663C}.Release|x64.Build.0 = Release|x64
		{6F3FEE1E-48EE-41A0-B8CF-E26BC431663C}.Release|x86.ActiveCfg = Release|Win32
		{6F3FEE1E-48EE-41A0-B8CF-E26BC431663C}.Release|x86.Build.0 = Release|Win32
		{FD418D68-CFD5-4D9D-8FFF-4C1A15B71291}.Debug|ARM64.ActiveCfg = Debug|ARM64
		{FD418D68-CFD5-4D9D-8FFF-4C1A15B71291}.Debug|ARM64.Build.0 = Debug|ARM64
		{FD418D68-CFD5-4D9D-8FFF-4C1A15B71291}.Debug|x64.ActiveCfg = Debug|x64
		{FD418D68-CFD5-4D9D-8FFF-4C1A15B71291}.Debug|x64.Build.0 = Debug|x64
		{FD418D68-CFD5-4D9D-8FFF-4C1A15B71291}.Debug|x86.ActiveCfg = Debug|Win32
		{FD418D68-CFD5-4D9D-8FFF-4C1A15B71291}.Debug|x86.Build.0 = Debug|Win32
		{FD418D68-CFD5-4D9D-8FFF-4C1A15B71291}.Release|ARM64.ActiveCfg = Release|ARM64
		{FD418D68-CFD5-4D9D-8FFF-4C1A15B71291}.Release|ARM64.Build.0 = Release|ARM64
		{FD418D68-CFD5-4D9D-8FFF-4C1A15B71291}.Release|x64.ActiveCfg = Release|x64
		{FD418D68-CFD5-4D9D-8FFF-4C1A15B71291}.Release|x64.Build.0 = Release|x64
		{FD418D68-CFD5-4D9D-8FFF-4C1A15B71291}.Release|x86.ActiveCfg = Release|Win32
		{FD418D68-CFD5-4D9D-8FFF-4C1A15B71291}.Release|x86.Build.0 = Release|Win32
		{15E2C06A-E00C-41A4-89C7-EE24D93412DE}.Debug|ARM64.ActiveCfg = Debug|ARM64
		{15E2C06A-E00C-41A4-89C7-EE24D93412DE}.Debug|ARM64.Build.0 = Debug|ARM64
		{15E2C06A-E00C-41A4-89C7-EE24D93412DE}.Debug|x64.ActiveCfg = Debug|x64
		{15E2C06A-E00C-41A4-89C7-EE24D93412DE}.Debug|x64.Build.0 = Debug|x64
		{15E2C06A-E00C-41A4-89C7-EE24D93412DE}.Debug|x86.ActiveCfg = Debug|Win32
		{15E2C06A-E00C-41A4-89C7-EE24D93412DE}.Debug|x86.Build.0 = Debug|Win32
		{15E2C06A-E00C-41A4-89C7-EE24D93412DE}.Release|ARM64.ActiveCfg = Release|ARM64
		{15E2C06A-E00C-41A4-89C7-EE24D93412DE}.Release|ARM64.Build.0 = Release|ARM64
		{15E2C06A-E00C-41A4-89C7-EE24D93412DE}.Release|x64.ActiveCfg = Release|x64
		{15E2C06A-E00C-41A4-89C7-EE24D93412DE}.Release|x64.Build.0 = Release|x64
		{15E2C06A-E00C-41A4-89C7-EE24D93412DE}.Release|x86.ActiveCfg = Release|Win32
		{15E2C06A-E00C-41A4-89C7-EE24D93412DE}.Release|x86.Build.0 = Release|Win32
		{984369F5-A60F-4DDB-80C3-50471850D171}.Debug|ARM64.ActiveCfg = Debug|ARM64
		{984369F5-A60F-4DDB-80C3-50471850D171}.Debug|ARM64.Build.0 = Debug|ARM64
		{984369F5-A60F-4DDB-80C3-50471850D171}.Debug|x64.ActiveCfg = Debug|x64
		{984369F5-A60F-4DDB-80C3-50471850D171}.Debug|x64.Build.0 = Debug|x64
		{984369F5-A60F-4DDB-80C3-50471850D171}.Debug|x86.ActiveCfg = Debug|Win32
		{984369F5-A60F-4DDB-80C3-50471850D171}.Debug|x86.Build.0 = Debug|Win32
		{984369F5-A60F-4DDB-80C3-50471850D171}.Release|ARM64.ActiveCfg = Release|ARM64
		{984369F5-A60F-4DDB-80C3-50471850D171}.Release|ARM64.Build.0 = Release|ARM64
		{984369F5-A60F-4DDB-80C3-50471850D171}.Release|x64.ActiveCfg = Release|x64
		{984369F5-A60F-4DDB-80C3-50471850D171}.Release|x64.Build.0 = Release|x64
		{984369F5-A60F-4DDB-80C3-50471850D171}.Release|x86.ActiveCfg = Release|Win32
		{984369F5-A60F-4DDB-80C3-50471850D171}.Release|x86.Build.0 = Release|Win32
		{A92F56E5-1106-4FBD-B2EF-9FB69EAF7402}.Debug|ARM64.ActiveCfg = Debug|ARM64
		{A92F56E5-1106-4FBD-B2EF-9FB69EAF7402}.Debug|ARM64.Build.0 = Debug|ARM64
		{A92F56E5-1106-4FBD-B2EF-9FB69EAF7402}.Debug|x64.ActiveCfg = Debug|x64
		{A92F56E5-1106-4FBD-B2EF-9FB69EAF7402}.Debug|x64.Build.0 = Debug|x64
		{A92F56E5-1106-4FBD-B2EF-9FB69EAF7402}.Debug|x86.ActiveCfg = Debug|Win32
		{A92F56E5-1106-4FBD-B2EF-9FB69EAF7402}.Debug|x86.Build.0 = Debug|Win32
		{A92F56E5-1106-4FBD-B2EF-9FB69EAF7402}.Release|ARM64.ActiveCfg = Release|ARM64
		{A92F56E5-1106-4FBD-B2EF-9FB69EAF7402}.Release|ARM64.Build.0 = Release|ARM64
		{A92F56E5-1106-4FBD-B2EF-9FB69EAF7402}.Release|x64.ActiveCfg = Release|x64
		{A92F56E5-1106-4FBD-B2EF-9FB69EAF7402}.Release|x64.Build.0 = Release|x64
		{A92F56E5-1106-4FBD-B2EF-9FB69EAF7402}.Release|x86.ActiveCfg = Release|Win32
		{A92F56E5-1106-4FBD-B2EF-9FB69EAF7402}.Release|x86.Build.0 = Release|Win32
		{F9F11F41-3F5E-4F1C-BCDD-71FBCDFBDF8A}.Debug|ARM64.ActiveCfg = Debug|ARM64
		{F9F11F41-3F5E-4F1C-BCDD-71FBCDFBDF8A}.Debug|ARM64.Build.0 = Debug|ARM64
		{F9F11F41-3F5E-4F1C-BCDD-71FBCDFBDF8A}.Debug|x64.ActiveCfg = Debug|x64
		{F9F11F41-3F5E-4F1C-BCDD-71FBCDFBDF8A}.Debug|x64.Build.0 = Debug|x64
		{F9F11F41-3F5E-4F1C-BCDD-71FBCDFBDF8A}.Debug|x86.ActiveCfg = Debug|Win32
		{F9F11F41-3F5E-4F1C-BCDD-71FBCDFBDF8A}.Debug|x86.Build.0 = Debug|Win32
		{F9F11F41-3F5E-4F1C-BCDD-71FBCDFBDF8A}.Release|ARM64.ActiveCfg = Release|ARM64
		{F9F11F41-3F5E-4F1C-BCDD-71FBCDFBDF8A}.Release|ARM64.Build.0 = Release|ARM64
		{F9F11F41-3F5E-4F1C-BCDD-71FBCDFBDF8A}.Release|x64.ActiveCfg = Release|x64
		{F9F11F41-3F5E-4F1C-BCDD-71FBCDFBDF8A}.Release|x64.Build.0 = Release|x64
		{F9F11F41-3F5E-4F1C-BCDD-71FBCDFBDF8A}.Release|x86.ActiveCfg = Release|Win32
		{F9F11F41-3F5E-4F1C-BCDD-71FBCDFBDF8A}.Release|x86.Build.0 = Release|Win32
		{E2820919-D506-4FDE-A68D-CE9D0F10C938}.Debug|ARM64.ActiveCfg = Debug|ARM64
		{E2820919-D506-4FDE-A68D-CE9D0F10C938}.Debug|ARM64.Build.0 = Debug|ARM64
		{E2820919-D506-4FDE-A68D-CE9D0F10C938}.Debug|x64.ActiveCfg = Debug|x64
		{E2820919-D506-4FDE-A68D-CE9D0F10C938}.Debug|x64.Build.0 = Debug|x64
		{E2820919-D506-4FDE-A68D-CE9D0F10C938}.Debug|x86.ActiveCfg = Debug|Win32
		{E2820919-D506-4FDE-A68D-CE9D0F10C938}.Debug|x86.Build.0 = Debug|Win32
		{E2820919-D506-4FDE-A68D-CE9D0F10C938}.Release|ARM64.ActiveCfg = Release|ARM64
		{E2820919-D506-4FDE-A68D-CE9D0F10C938}.Release|ARM64.Build.0 = Release|ARM64
		{E2820919-D506-4FDE-A68D-CE9D0F10C938}.Release|x64.ActiveCfg = Release|x64
		{E2820919-D506-4FDE-A68D-CE9D0F10C938}.Release|x64.Build.0 = Release|x64
		{E2820919-D506-4FDE-A68D-CE9D0F10C938}.Release|x86.ActiveCfg = Release|Win32
		{E2820919-D506-4FDE-A68D-CE9D0F10C938}.Release|x86.Build.0 = Release|Win32
		{A8621540-6568-41E6-903C-0129EACB2FF7}.Debug|ARM64.ActiveCfg = Debug|ARM64
		{A8621540-6568-41E6-903C-0129EACB2FF7}.Debug|ARM64.Build.0 = Debug|ARM64
		{A8621540-6568-41E6-903C-0129EACB2FF7}.Debug|x64.ActiveCfg = Debug|x64
		{A8621540-6568-41E6-903C-0129EACB2FF7}.Debug|x64.Build.0 = Debug|x64
		{A8621540-6568-41E6-903C-0129EACB2FF7}.Debug|x86.ActiveCfg = Debug|Win32
		{A8621540-6568-41E6-903C-0129EACB2FF7}.Debug|x86.Build.0 = Debug|Win32
		{A8621540-6568-41E6-903C-0129EACB2FF7}.Release|ARM64.ActiveCfg = Release|ARM64
		{A8621540-6568-41E6-903C-0129EACB2FF7}.Release|ARM64.Build.0 = Release|ARM64
		{A8621540-6568-41E6-903C-0129EACB2FF7}.Release|x64.ActiveCfg = Release|x64
		{A8621540-6568-41E6-903C-0129EACB2FF7}.Release|x64.Build.0 = Release|x64
		{A8621540-6568-41E6-903C-0129EACB2FF7}.Release|x86.ActiveCfg = Release|Win32
		{A8621540-6568-41E6-903C-0129EACB2FF7}.Release|x86.Build.0 = Release|Win32
		{53E34756-C47A-49A8-9CB9-9862BE262FC0}.Debug|ARM64.ActiveCfg = Debug|ARM64
		{53E34756-C47A-49A8-9CB9-9862BE262FC0}.Debug|ARM64.Build.0 = Debug|ARM64
		{53E34756-C47A-49A8-9CB9-9862BE262FC0}.Debug|x64.ActiveCfg = Debug|x64
		{53E34756-C47A-49A8-9CB9-9862BE262FC0}.Debug|x64.Build.0 = Debug|x64
		{53E34756-C47A-49A8-9CB9-9862BE262FC0}.Debug|x86.ActiveCfg = Debug|Win32
		{53E34756-C47A-49A8-9CB9-9862BE262FC0}.Debug|x86.Build.0 = Debug|Win32
		{53E34756-C47A-49A8-9CB9-9862BE262FC0}.Release|ARM64.ActiveCfg = Release|ARM64
		{53E34756-C47A-49A8-9CB9-9862BE262FC0}.Release|ARM64.Build.0 = Release|ARM64
		{53E34756-C47A-49A8-9CB9-9862BE262FC0}.Release|x64.ActiveCfg = Release|x64
		{53E34756-C47A-49A8-9CB9-9862BE262FC0}.Release|x64.Build.0 = Release|x64
		{53E34756-C47A-49A8-9CB9-9862BE262FC0}.Release|x86.ActiveCfg = Release|Win32
		{53E34756-C47A-49A8-9CB9-9862BE262FC0}.Release|x86.Build.0 = Release|Win32
		{CEDE75FC-BBBD-4176-AFAF-FD2ACFEFABB3}.Debug|ARM64.ActiveCfg = Debug|ARM64
		{CEDE75FC-BBBD-4176-AFAF-FD2ACFEFABB3}.Debug|ARM64.Build.0 = Debug|ARM64
		{CEDE75FC-BBBD-4176-AFAF-FD2ACFEFABB3}.Debug|x64.ActiveCfg = Debug|x64
		{CEDE75FC-BBBD-4176-AFAF-FD2ACFEFABB3}.Debug|x64.Build.0 = Debug|x64
		{CEDE75FC-BBBD-4176-AFAF-FD2ACFEFABB3}.Debug|x86.ActiveCfg = Debug|Win32
		{CEDE75FC-BBBD-4176-AFAF-FD2ACFEFABB3}.Debug|x86.Build.0 = Debug|Win32
		{CEDE75FC-BBBD-4176-AFAF-FD2ACFEFABB3}.Release|ARM64.ActiveCfg = Release|ARM64
		{CEDE75FC-BBBD-4176-AFAF-FD2ACFEFABB3}.Release|ARM64.Build.0 = Release|ARM64
		{CEDE75FC-BBBD-4176-AFAF-FD2ACFEFABB3}.Release|x64.ActiveCfg = Release|x64
		{CEDE75FC-BBBD-4176-AFAF-FD2ACFEFABB3}.Release|x64.Build.0 = Release|x64
		{CEDE75FC-BBBD-4176-AFAF-FD2ACFEFABB3}.Release|x86.ActiveCfg = Release|Win32
		{CEDE75FC-BBBD-4176-AFAF-FD2ACFEFABB3}.Release|x86.Build.0 = Release|Win32
		{ABC594C8-D8B5-4680-BE84-78D64B3CFD0B}.Debug|ARM64.ActiveCfg = Debug|ARM64
		{ABC594C8-D8B5-4680-BE84-78D64B3CFD0B}.Debug|ARM64.Build.0 = Debug|ARM64
		{ABC594C8-D8B5-4680-BE84-78D64B3CFD0B}.Debug|x64.ActiveCfg = Debug|x64
		{ABC594C8-D8B5-4680-BE84-78D64B3CFD0B}.Debug|x64.Build.0 = Debug|x64
		{ABC594C8-D8B5-4680-BE84-78D64B3CFD0B}.Debug|x86.ActiveCfg = Debug|Win32
		{ABC594C8-D8B5-4680-BE84-78D64B3CFD0B}.Debug|x86.Build.0 = Debug|Win32
		{ABC594C8-D8B5-4680-BE84-78D64B3CFD0B}.Release|ARM64.ActiveCfg = Release|ARM64
		{ABC594C8-D8B5-4680-BE84-78D64B3CFD0B}.Release|ARM64.Build.0 = Release|ARM64
		{ABC594C8-D8B5-4680-BE84-78D64B3CFD0B}.Release|x64.ActiveCfg = Release|x64
		{ABC594C8-D8B5-4680-BE84-78D64B3CFD0B}.Release|x64.Build.0 = Release|x64
		{ABC594C8-D8B5-4680-BE84-78D64B3CFD0B}.Release|x86.ActiveCfg = Release|Win32
		{ABC594C8-D8B5-4680-BE84-78D64B3CFD0B}.Release|x86.Build.0 = Release|Win32
		{6A470F18-B863-40C5-8D7F-FB822C0EB0FC}.Debug|ARM64.ActiveCfg = Debug|ARM64
		{6A470F18-B863-40C5-8D7F-FB822C0EB0FC}.Debug|ARM64.Build.0 = Debug|ARM64
		{6A470F18-B863-40C5-8D7F-FB822C0EB0FC}.Debug|x64.ActiveCfg = Debug|x64
		{6A470F18-B863-40C5-8D7F-FB822C0EB0FC}.Debug|x64.Build.0 = Debug|x64
		{6A470F18-B863-40C5-8D7F-FB822C0EB0FC}.Debug|x86.ActiveCfg = Debug|Win32
		{6A470F18-B863-40C5-8D7F-FB822C0EB0FC}.Debug|x86.Build.0 = Debug|Win32
		{6A470F18-B863-40C5-8D7F-FB822C0EB0FC}.Release|ARM64.ActiveCfg = Release|ARM64
		{6A470F18-B863-40C5-8D7F-FB822C0EB0FC}.Release|ARM64.Build.0 = Release|ARM64
		{6A470F18-B863-40C5-8D7F-FB822C0EB0FC}.Release|x64.ActiveCfg = Release|x64
		{6A470F18-B863-40C5-8D7F-FB822C0EB0FC}.Release|x64.Build.0 = Release|x64
		{6A470F18-B863-40C5-8D7F-FB822C0EB0FC}.Release|x86.ActiveCfg = Release|Win32
		{6A470F18-B863-40C5-8D7F-FB822C0EB0FC}.Release|x86.Build.0 = Release|Win32
		{A660601A-563C-43F6-B9C5-31C3105F4B07}.Debug|ARM64.ActiveCfg = Debug|ARM64
		{A660601A-563C-43F6-B9C5-31C3105F4B07}.Debug|ARM64.Build.0 = Debug|ARM64
		{A660601A-563C-43F6-B9C5-31C3105F4B07}.Debug|x64.ActiveCfg = Debug|x64
		{A660601A-563C-43F6-B9C5-31C3105F4B07}.Debug|x86.ActiveCfg = Debug|Win32
		{A660601A-563C-43F6-B9C5-31C3105F4B07}.Debug|x86.Build.0 = Debug|Win32
		{A660601A-563C-43F6-B9C5-31C3105F4B07}.Release|ARM64.ActiveCfg = Release|ARM64
		{A660601A-563C-43F6-B9C5-31C3105F4B07}.Release|ARM64.Build.0 = Release|ARM64
		{A660601A-563C-43F6-B9C5-31C3105F4B07}.Release|x64.ActiveCfg = Release|x64
		{A660601A-563C-43F6-B9C5-31C3105F4B07}.Release|x64.Build.0 = Release|x64
		{A660601A-563C-43F6-B9C5-31C3105F4B07}.Release|x86.ActiveCfg = Release|Win32
		{A660601A-563C-43F6-B9C5-31C3105F4B07}.Release|x86.Build.0 = Release|Win32
		{C8F92270-CD54-41CE-8165-59537E0B7A64}.Debug|ARM64.ActiveCfg = Debug|ARM64
		{C8F92270-CD54-41CE-8165-59537E0B7A64}.Debug|ARM64.Build.0 = Debug|ARM64
		{C8F92270-CD54-41CE-8165-59537E0B7A64}.Debug|x64.ActiveCfg = Debug|x64
		{C8F92270-CD54-41CE-8165-59537E0B7A64}.Debug|x64.Build.0 = Debug|x64
		{C8F92270-CD54-41CE-8165-59537E0B7A64}.Debug|x86.ActiveCfg = Debug|Win32
		{C8F92270-CD54-41CE-8165-59537E0B7A64}.Debug|x86.Build.0 = Debug|Win32
		{C8F92270-CD54-41CE-8165-59537E0B7A64}.Release|ARM64.ActiveCfg = Release|ARM64
		{C8F92270-CD54-41CE-8165-59537E0B7A64}.Release|ARM64.Build.0 = Release|ARM64
		{C8F92270-CD54-41CE-8165-59537E0B7A64}.Release|x64.ActiveCfg = Release|x64
		{C8F92270-CD54-41CE-8165-59537E0B7A64}.Release|x64.Build.0 = Release|x64
		{C8F92270-CD54-41CE-8165-59537E0B7A64}.Release|x86.ActiveCfg = Release|Win32
		{C8F92270-CD54-41CE-8165-59537E0B7A64}.Release|x86.Build.0 = Release|Win32
		{1A442896-FDFB-46E7-9CEC-9BC3506D2869}.Debug|ARM64.ActiveCfg = Debug|ARM64
		{1A442896-FDFB-46E7-9CEC-9BC3506D2869}.Debug|ARM64.Build.0 = Debug|ARM64
		{1A442896-FDFB-46E7-9CEC-9BC3506D2869}.Debug|x64.ActiveCfg = Debug|x64
		{1A442896-FDFB-46E7-9CEC-9BC3506D2869}.Debug|x86.ActiveCfg = Debug|Win32
		{1A442896-FDFB-46E7-9CEC-9BC3506D2869}.Debug|x86.Build.0 = Debug|Win32
		{1A442896-FDFB-46E7-9CEC-9BC3506D2869}.Release|ARM64.ActiveCfg = Release|ARM64
		{1A442896-FDFB-46E7-9CEC-9BC3506D2869}.Release|ARM64.Build.0 = Release|ARM64
		{1A442896-FDFB-46E7-9CEC-9BC3506D2869}.Release|x64.ActiveCfg = Release|x64
		{1A442896-FDFB-46E7-9CEC-9BC3506D2869}.Release|x64.Build.0 = Release|x64
		{1A442896-FDFB-46E7-9CEC-9BC3506D2869}.Release|x86.ActiveCfg = Release|Win32
		{1A442896-FDFB-46E7-9CEC-9BC3506D2869}.Release|x86.Build.0 = Release|Win32
	EndGlobalSection
	GlobalSection(SolutionProperties) = preSolution
		HideSolutionNode = FALSE
	EndGlobalSection
	GlobalSection(ExtensibilityGlobals) = postSolution
		SolutionGuid = {AE8B2143-93D6-471F-912A-939000106300}
	EndGlobalSection
EndGlobal
